{
  "version": 4,
  "terraform_version": "1.14.4",
  "serial": 139,
  "lineage": "7f48db97-1bf2-84cb-f638-834ebf48159b",
  "outputs": {},
  "resources": [
    {
      "mode": "data",
      "type": "azurerm_client_config",
      "name": "current",
      "provider": "provider[\"registry.terraform.io/hashicorp/azurerm\"]",
      "instances": [
        {
          "schema_version": 0,
          "attributes": {
            "client_id": "04b07795-8ddb-461a-bbee-02f9e1bf7b46",
            "id": "Y2xpZW50Q29uZmlncy9jbGllbnRJZD0wNGIwNzc5NS04ZGRiLTQ2MWEtYmJlZS0wMmY5ZTFiZjdiNDY7b2JqZWN0SWQ9Y2M4NmM1YzMtNmM0NS00YmE0LTg3ODYtYzRiMjBmMWM4Y2Y1O3N1YnNjcmlwdGlvbklkPTQzZTdjMzZjLTBmNDUtNGUzMC04NjMyLTlkOTY2YzQ1OTNjOTt0ZW5hbnRJZD0wNzE0ZDc4MS03NWNmLTQwOTEtODBkNC0zYWFjZmQxYWNjNGY=",
            "object_id": "cc86c5c3-6c45-4ba4-8786-c4b20f1c8cf5",
            "subscription_id": "43e7c36c-0f45-4e30-8632-9d966c4593c9",
            "tenant_id": "0714d781-75cf-4091-80d4-3aacfd1acc4f",
            "timeouts": null
          },
          "sensitive_attributes": [],
          "identity_schema_version": 0
        }
      ]
    },
    {
      "mode": "managed",
      "type": "azurerm_cognitive_account",
      "name": "openai",
      "provider": "provider[\"registry.terraform.io/hashicorp/azurerm\"]",
      "instances": [
        {
          "schema_version": 0,
          "attributes": {
            "custom_question_answering_search_service_id": "",
            "custom_question_answering_search_service_key": null,
            "custom_subdomain_name": "asknarelle-fyp",
            "customer_managed_key": [],
            "dynamic_throttling_enabled": false,
            "endpoint": "https://asknarelle-fyp.openai.azure.com/",
            "fqdns": null,
            "id": "/subscriptions/43e7c36c-0f45-4e30-8632-9d966c4593c9/resourceGroups/asknarelle/providers/Microsoft.CognitiveServices/accounts/asknarelle-fyp",
            "identity": [],
            "kind": "OpenAI",
            "local_auth_enabled": true,
            "location": "japaneast",
            "metrics_advisor_aad_client_id": "",
            "metrics_advisor_aad_tenant_id": "",
            "metrics_advisor_super_user_name": "",
            "metrics_advisor_website_name": "",
            "name": "asknarelle-fyp",
            "network_acls": [],
            "network_injection": [],
            "outbound_network_access_restricted": false,
            "primary_access_key": "AgALnngtx7W3PVv3hTyXKN9CVr8aJJgBO3kjQ3RVYpKa4PjpPRLkJQQJ99CCACi0881XJ3w3AAABACOG5vkX",
            "project_management_enabled": false,
            "public_network_access_enabled": true,
            "qna_runtime_endpoint": "",
            "resource_group_name": "asknarelle",
            "secondary_access_key": "Eg17o7v4zfDs42RpDIcqvjW4M2Y8g3hEL5KkvvlBUheXYL3IELyAJQQJ99CCACi0881XJ3w3AAABACOGwd0c",
            "sku_name": "S0",
            "storage": [],
            "tags": null,
            "timeouts": null
          },
          "sensitive_attributes": [
            [
              {
                "type": "get_attr",
                "value": "custom_question_answering_search_service_key"
              }
            ],
            [
              {
                "type": "get_attr",
                "value": "primary_access_key"
              }
            ],
            [
              {
                "type": "get_attr",
                "value": "secondary_access_key"
              }
            ]
          ],
          "identity_schema_version": 0,
          "identity": {
            "name": "asknarelle-fyp",
            "resource_group_name": "asknarelle",
            "subscription_id": "43e7c36c-0f45-4e30-8632-9d966c4593c9"
          },
          "private": "eyJlMmJmYjczMC1lY2FhLTExZTYtOGY4OC0zNDM2M2JjN2M0YzAiOnsiY3JlYXRlIjoxODAwMDAwMDAwMDAwLCJkZWxldGUiOjE4MDAwMDAwMDAwMDAsInJlYWQiOjMwMDAwMDAwMDAwMCwidXBkYXRlIjoxODAwMDAwMDAwMDAwfX0=",
          "dependencies": [
            "azurerm_resource_group.rg"
          ]
        }
      ]
    },
    {
      "mode": "managed",
      "type": "azurerm_container_registry",
      "name": "acr",
      "provider": "provider[\"registry.terraform.io/hashicorp/azurerm\"]",
      "instances": [
        {
          "schema_version": 2,
          "attributes": {
            "admin_enabled": true,
            "admin_password": "83WBvPW4F4Bs3GISIVGzB5xMJM14ScXCdPjlm11XaxfYofSicRpNJQQJ99CCACqBBLyEqg7NAAACAZCRpGg7",
            "admin_username": "asknarelleacr",
            "anonymous_pull_enabled": false,
            "data_endpoint_enabled": false,
            "data_endpoint_host_names": [],
            "encryption": [],
            "export_policy_enabled": true,
            "georeplications": [],
            "id": "/subscriptions/43e7c36c-0f45-4e30-8632-9d966c4593c9/resourceGroups/asknarelle/providers/Microsoft.ContainerRegistry/registries/asknarelleacr",
            "identity": [],
            "location": "southeastasia",
            "login_server": "asknarelleacr.azurecr.io",
            "name": "asknarelleacr",
            "network_rule_bypass_option": "AzureServices",
            "network_rule_set": [],
            "public_network_access_enabled": true,
            "quarantine_policy_enabled": false,
            "resource_group_name": "asknarelle",
            "retention_policy_in_days": 0,
            "sku": "Basic",
            "tags": null,
            "timeouts": null,
            "trust_policy_enabled": false,
            "zone_redundancy_enabled": false
          },
          "sensitive_attributes": [
            [
              {
                "type": "get_attr",
                "value": "admin_password"
              }
            ]
          ],
          "identity_schema_version": 0,
          "private": "eyJlMmJmYjczMC1lY2FhLTExZTYtOGY4OC0zNDM2M2JjN2M0YzAiOnsiY3JlYXRlIjoxODAwMDAwMDAwMDAwLCJkZWxldGUiOjE4MDAwMDAwMDAwMDAsInJlYWQiOjMwMDAwMDAwMDAwMCwidXBkYXRlIjoxODAwMDAwMDAwMDAwfSwic2NoZW1hX3ZlcnNpb24iOiIyIn0=",
          "dependencies": [
            "azurerm_resource_group.rg"
          ]
        }
      ]
    },
    {
      "mode": "managed",
      "type": "azurerm_linux_web_app",
      "name": "app",
      "provider": "provider[\"registry.terraform.io/hashicorp/azurerm\"]",
      "instances": [
        {
          "schema_version": 1,
          "attributes": {
            "app_settings": null,
            "auth_settings": [
              {
                "active_directory": [],
                "additional_login_parameters": {},
                "allowed_external_redirect_urls": [],
                "default_provider": "",
                "enabled": false,
                "facebook": [],
                "github": [],
                "google": [],
                "issuer": "",
                "microsoft": [],
                "runtime_version": "",
                "token_refresh_extension_hours": 0,
                "token_store_enabled": false,
                "twitter": [],
                "unauthenticated_client_action": ""
              }
            ],
            "auth_settings_v2": [],
            "backup": [],
            "client_affinity_enabled": false,
            "client_certificate_enabled": false,
            "client_certificate_exclusion_paths": "",
            "client_certificate_mode": "Required",
            "connection_string": [],
            "custom_domain_verification_id": "7AB3BB9C4CA8697F789986610412685E1A6C09FB836F3CAF34209EFD3460DCB3",
            "default_hostname": "asknarelle-portal.azurewebsites.net",
            "enabled": true,
            "ftp_publish_basic_authentication_enabled": true,
            "hosting_environment_id": "",
            "https_only": false,
            "id": "/subscriptions/43e7c36c-0f45-4e30-8632-9d966c4593c9/resourceGroups/asknarelle/providers/Microsoft.Web/sites/asknarelle-portal",
            "identity": [
              {
                "identity_ids": null,
                "principal_id": "f8423779-c2b8-48d4-9ab9-2a85dbfa1810",
                "tenant_id": "0714d781-75cf-4091-80d4-3aacfd1acc4f",
                "type": "SystemAssigned"
              }
            ],
            "key_vault_reference_identity_id": "SystemAssigned",
            "kind": "app,linux",
            "location": "southeastasia",
            "logs": [],
            "name": "asknarelle-portal",
            "outbound_ip_address_list": [
              "104.43.54.201",
              "104.43.54.214",
              "104.43.54.240",
              "104.43.54.249",
              "104.43.55.8",
              "104.43.55.14",
              "104.43.48.106",
              "104.43.48.155",
              "104.43.49.227",
              "104.43.50.80",
              "104.43.52.173",
              "104.43.52.205",
              "20.212.64.14"
            ],
            "outbound_ip_addresses": "104.43.54.201,104.43.54.214,104.43.54.240,104.43.54.249,104.43.55.8,104.43.55.14,104.43.48.106,104.43.48.155,104.43.49.227,104.43.50.80,104.43.52.173,104.43.52.205,20.212.64.14",
            "possible_outbound_ip_address_list": [
              "104.43.54.201",
              "104.43.54.214",
              "104.43.54.240",
              "104.43.54.249",
              "104.43.55.8",
              "104.43.55.14",
              "104.43.48.106",
              "104.43.48.155",
              "104.43.49.227",
              "104.43.50.80",
              "104.43.52.173",
              "104.43.52.205",
              "104.43.53.75",
              "104.43.53.106",
              "104.43.53.115",
              "104.43.53.224",
              "104.43.54.23",
              "104.43.54.69",
              "104.43.54.88",
              "104.43.54.104",
              "104.43.54.117",
              "104.43.54.143",
              "104.43.54.163",
              "104.43.54.190",
              "104.43.55.31",
              "104.43.55.47",
              "104.43.55.55",
              "104.43.55.74",
              "104.43.55.96",
              "104.43.55.121",
              "20.212.64.14"
            ],
            "possible_outbound_ip_addresses": "104.43.54.201,104.43.54.214,104.43.54.240,104.43.54.249,104.43.55.8,104.43.55.14,104.43.48.106,104.43.48.155,104.43.49.227,104.43.50.80,104.43.52.173,104.43.52.205,104.43.53.75,104.43.53.106,104.43.53.115,104.43.53.224,104.43.54.23,104.43.54.69,104.43.54.88,104.43.54.104,104.43.54.117,104.43.54.143,104.43.54.163,104.43.54.190,104.43.55.31,104.43.55.47,104.43.55.55,104.43.55.74,104.43.55.96,104.43.55.121,20.212.64.14",
            "public_network_access_enabled": true,
            "resource_group_name": "asknarelle",
            "service_plan_id": "/subscriptions/43e7c36c-0f45-4e30-8632-9d966c4593c9/resourceGroups/asknarelle/providers/Microsoft.Web/serverFarms/ASP-asknarelle-b5da",
            "site_config": [
              {
                "always_on": true,
                "api_definition_url": "",
                "api_management_api_id": "",
                "app_command_line": "",
                "application_stack": [
                  {
                    "docker_image_name": "",
                    "docker_registry_password": "",
                    "docker_registry_url": "",
                    "docker_registry_username": "",
                    "dotnet_version": "",
                    "go_version": "",
                    "java_server": "",
                    "java_server_version": "",
                    "java_version": "",
                    "node_version": "",
                    "php_version": "",
                    "python_version": "3.9",
                    "ruby_version": ""
                  }
                ],
                "auto_heal_setting": [],
                "container_registry_managed_identity_client_id": "",
                "container_registry_use_managed_identity": false,
                "cors": [],
                "default_documents": [
                  "Default.htm",
                  "Default.html",
                  "Default.asp",
                  "index.htm",
                  "index.html",
                  "iisstart.htm",
                  "default.aspx",
                  "index.php",
                  "hostingstart.html"
                ],
                "detailed_error_logging_enabled": false,
                "ftps_state": "Disabled",
                "health_check_eviction_time_in_min": 0,
                "health_check_path": "",
                "http2_enabled": false,
                "ip_restriction": [],
                "ip_restriction_default_action": "Allow",
                "linux_fx_version": "PYTHON|3.9",
                "load_balancing_mode": "LeastRequests",
                "local_mysql_enabled": false,
                "managed_pipeline_mode": "Integrated",
                "minimum_tls_version": "1.2",
                "remote_debugging_enabled": false,
                "remote_debugging_version": "VS2022",
                "scm_ip_restriction": [],
                "scm_ip_restriction_default_action": "Allow",
                "scm_minimum_tls_version": "1.2",
                "scm_type": "None",
                "scm_use_main_ip_restriction": false,
                "use_32_bit_worker": true,
                "vnet_route_all_enabled": false,
                "websockets_enabled": false,
                "worker_count": 1
              }
            ],
            "site_credential": [
              {
                "name": "$asknarelle-portal",
                "password": "bWrdit1mFe65f63k5wpNMN2rf5aH08xfkLgKdQdLxEdpgnfruKNLBh67Nigt"
              }
            ],
            "sticky_settings": [],
            "storage_account": [],
            "tags": null,
            "timeouts": null,
            "virtual_network_backup_restore_enabled": false,
            "virtual_network_subnet_id": "",
            "vnet_image_pull_enabled": false,
            "webdeploy_publish_basic_authentication_enabled": true,
            "zip_deploy_file": ""
          },
          "sensitive_attributes": [
            [
              {
                "type": "get_attr",
                "value": "custom_domain_verification_id"
              }
            ],
            [
              {
                "type": "get_attr",
                "value": "site_config"
              },
              {
                "type": "index",
                "value": {
                  "value": 0,
                  "type": "number"
                }
              },
              {
                "type": "get_attr",
                "value": "application_stack"
              },
              {
                "type": "index",
                "value": {
                  "value": 0,
                  "type": "number"
                }
              },
              {
                "type": "get_attr",
                "value": "docker_registry_password"
              }
            ],
            [
              {
                "type": "get_attr",
                "value": "site_credential"
              }
            ]
          ],
          "identity_schema_version": 0,
          "private": "eyJlMmJmYjczMC1lY2FhLTExZTYtOGY4OC0zNDM2M2JjN2M0YzAiOnsiY3JlYXRlIjoxODAwMDAwMDAwMDAwLCJkZWxldGUiOjE4MDAwMDAwMDAwMDAsInJlYWQiOjMwMDAwMDAwMDAwMCwidXBkYXRlIjoxODAwMDAwMDAwMDAwfSwic2NoZW1hX3ZlcnNpb24iOiIxIn0=",
          "dependencies": [
            "azurerm_resource_group.rg",
            "azurerm_service_plan.asp"
          ]
        }
      ]
    },
    {
      "mode": "managed",
      "type": "azurerm_resource_group",
      "name": "rg",
      "provider": "provider[\"registry.terraform.io/hashicorp/azurerm\"]",
      "instances": [
        {
          "schema_version": 0,
          "attributes": {
            "id": "/subscriptions/43e7c36c-0f45-4e30-8632-9d966c4593c9/resourceGroups/asknarelle",
            "location": "southeastasia",
            "managed_by": "",
            "name": "asknarelle",
            "tags": {},
            "timeouts": null
          },
          "sensitive_attributes": [],
          "identity_schema_version": 0,
          "identity": {
            "name": "asknarelle",
            "subscription_id": "43e7c36c-0f45-4e30-8632-9d966c4593c9"
          },
          "private": "eyJlMmJmYjczMC1lY2FhLTExZTYtOGY4OC0zNDM2M2JjN2M0YzAiOnsiY3JlYXRlIjo1NDAwMDAwMDAwMDAwLCJkZWxldGUiOjU0MDAwMDAwMDAwMDAsInJlYWQiOjMwMDAwMDAwMDAwMCwidXBkYXRlIjo1NDAwMDAwMDAwMDAwfX0="
        }
      ]
    },
    {
      "mode": "managed",
      "type": "azurerm_resource_group_template_deployment",
      "name": "vi",
      "provider": "provider[\"registry.terraform.io/hashicorp/azurerm\"]",
      "instances": [
        {
          "schema_version": 0,
          "attributes": {
            "debug_level": "",
            "deployment_mode": "Incremental",
            "id": "/subscriptions/43e7c36c-0f45-4e30-8632-9d966c4593c9/resourceGroups/asknarelle/providers/Microsoft.Resources/deployments/video-indexer-deployment",
            "name": "video-indexer-deployment",
            "output_content": "{\"accountId\":{\"type\":\"String\",\"value\":\"ff374ed4-3e08-4595-b5f1-983ddd34b7e2\"},\"principalId\":{\"type\":\"String\",\"value\":\"0bf04b7c-3392-41cf-8c69-44a87d8d1196\"}}",
            "parameters_content": "{\"accountName\":{\"value\":\"asknarelle-video-indexer\"},\"location\":{\"value\":\"East Asia\"},\"storageAccountId\":{\"value\":\"/subscriptions/43e7c36c-0f45-4e30-8632-9d966c4593c9/resourceGroups/asknarelle/providers/Microsoft.Storage/storageAccounts/asknarelle\"}}",
            "resource_group_name": "asknarelle",
            "tags": null,
            "template_content": "{\"$schema\":\"https://schema.management.azure.com/schemas/2019-04-01/deploymentTemplate.json#\",\"contentVersion\":\"1.0.0.0\",\"outputs\":{\"accountId\":{\"type\":\"String\",\"value\":\"[reference(resourceId('Microsoft.VideoIndexer/accounts', parameters('accountName')), '2024-01-01').accountId]\"},\"principalId\":{\"type\":\"String\",\"value\":\"[reference(resourceId('Microsoft.VideoIndexer/accounts', parameters('accountName')), '2024-01-01', 'Full').identity.principalId]\"}},\"parameters\":{\"accountName\":{\"type\":\"String\"},\"location\":{\"type\":\"String\"},\"storageAccountId\":{\"type\":\"String\"}},\"resources\":[{\"apiVersion\":\"2024-01-01\",\"identity\":{\"type\":\"SystemAssigned\"},\"location\":\"[parameters('location')]\",\"name\":\"[parameters('accountName')]\",\"properties\":{\"storageServices\":{\"resourceId\":\"[parameters('storageAccountId')]\"}},\"type\":\"Microsoft.VideoIndexer/accounts\"}]}",
            "template_spec_version_id": "",
            "timeouts": null
          },
          "sensitive_attributes": [],
          "identity_schema_version": 0,
          "private": "eyJlMmJmYjczMC1lY2FhLTExZTYtOGY4OC0zNDM2M2JjN2M0YzAiOnsiY3JlYXRlIjoxMDgwMDAwMDAwMDAwMCwiZGVsZXRlIjoxMDgwMDAwMDAwMDAwMCwicmVhZCI6MzAwMDAwMDAwMDAwLCJ1cGRhdGUiOjEwODAwMDAwMDAwMDAwfX0=",
          "dependencies": [
            "azurerm_resource_group.rg",
            "azurerm_storage_account.storage"
          ]
        }
      ]
    },
    {
      "mode": "managed",
      "type": "azurerm_role_assignment",
      "name": "search_storage_reader",
      "provider": "provider[\"registry.terraform.io/hashicorp/azurerm\"]",
      "instances": [
        {
          "schema_version": 0,
          "attributes": {
            "condition": "",
            "condition_version": "",
            "delegated_managed_identity_resource_id": "",
            "description": "",
            "id": "/subscriptions/43e7c36c-0f45-4e30-8632-9d966c4593c9/resourceGroups/asknarelle/providers/Microsoft.Storage/storageAccounts/asknarelle/providers/Microsoft.Authorization/roleAssignments/ccb71900-ccc8-65ff-9811-f00ccb3b8f1d",
            "name": "ccb71900-ccc8-65ff-9811-f00ccb3b8f1d",
            "principal_id": "0dfd8656-1d10-4dc8-b4f9-b761aa81098b",
            "principal_type": "ServicePrincipal",
            "role_definition_id": "/subscriptions/43e7c36c-0f45-4e30-8632-9d966c4593c9/providers/Microsoft.Authorization/roleDefinitions/2a2b9908-6ea1-4ae2-8e65-a410df84e7d1",
            "role_definition_name": "Storage Blob Data Reader",
            "scope": "/subscriptions/43e7c36c-0f45-4e30-8632-9d966c4593c9/resourceGroups/asknarelle/providers/Microsoft.Storage/storageAccounts/asknarelle",
            "skip_service_principal_aad_check": null,
            "timeouts": null
          },
          "sensitive_attributes": [],
          "identity_schema_version": 0,
          "private": "eyJlMmJmYjczMC1lY2FhLTExZTYtOGY4OC0zNDM2M2JjN2M0YzAiOnsiY3JlYXRlIjoxODAwMDAwMDAwMDAwLCJkZWxldGUiOjE4MDAwMDAwMDAwMDAsInJlYWQiOjMwMDAwMDAwMDAwMH19",
          "dependencies": [
            "azurerm_resource_group.rg",
            "azurerm_search_service.search",
            "azurerm_storage_account.storage"
          ]
        }
      ]
    },
    {
      "mode": "managed",
      "type": "azurerm_role_assignment",
      "name": "vi_contributor",
      "provider": "provider[\"registry.terraform.io/hashicorp/azurerm\"]",
      "instances": [
        {
          "schema_version": 0,
          "attributes": {
            "condition": "",
            "condition_version": "",
            "delegated_managed_identity_resource_id": "",
            "description": "",
            "id": "/subscriptions/43e7c36c-0f45-4e30-8632-9d966c4593c9/resourceGroups/asknarelle/providers/Microsoft.Storage/storageAccounts/asknarelle/providers/Microsoft.Authorization/roleAssignments/4f87421f-e64f-7021-be01-1152264d623b",
            "name": "4f87421f-e64f-7021-be01-1152264d623b",
            "principal_id": "0bf04b7c-3392-41cf-8c69-44a87d8d1196",
            "principal_type": "ServicePrincipal",
            "role_definition_id": "/subscriptions/43e7c36c-0f45-4e30-8632-9d966c4593c9/providers/Microsoft.Authorization/roleDefinitions/b24988ac-6180-42a0-ab88-20f7382dd24c",
            "role_definition_name": "Contributor",
            "scope": "/subscriptions/43e7c36c-0f45-4e30-8632-9d966c4593c9/resourceGroups/asknarelle/providers/Microsoft.Storage/storageAccounts/asknarelle",
            "skip_service_principal_aad_check": null,
            "timeouts": null
          },
          "sensitive_attributes": [],
          "identity_schema_version": 0,
          "private": "eyJlMmJmYjczMC1lY2FhLTExZTYtOGY4OC0zNDM2M2JjN2M0YzAiOnsiY3JlYXRlIjoxODAwMDAwMDAwMDAwLCJkZWxldGUiOjE4MDAwMDAwMDAwMDAsInJlYWQiOjMwMDAwMDAwMDAwMH19",
          "dependencies": [
            "azurerm_resource_group.rg",
            "azurerm_resource_group_template_deployment.vi",
            "azurerm_storage_account.storage"
          ]
        }
      ]
    },
    {
      "mode": "managed",
      "type": "azurerm_role_assignment",
      "name": "vi_storage_contributor",
      "provider": "provider[\"registry.terraform.io/hashicorp/azurerm\"]",
      "instances": [
        {
          "schema_version": 0,
          "attributes": {
            "condition": "",
            "condition_version": "",
            "delegated_managed_identity_resource_id": "",
            "description": "",
            "id": "/subscriptions/43e7c36c-0f45-4e30-8632-9d966c4593c9/resourceGroups/asknarelle/providers/Microsoft.Storage/storageAccounts/asknarelle/providers/Microsoft.Authorization/roleAssignments/5c86045b-bdfb-b3ff-e149-01e01d78edae",
            "name": "5c86045b-bdfb-b3ff-e149-01e01d78edae",
            "principal_id": "0bf04b7c-3392-41cf-8c69-44a87d8d1196",
            "principal_type": "ServicePrincipal",
            "role_definition_id": "/subscriptions/43e7c36c-0f45-4e30-8632-9d966c4593c9/providers/Microsoft.Authorization/roleDefinitions/ba92f5b4-2d11-453d-a403-e96b0029c9fe",
            "role_definition_name": "Storage Blob Data Contributor",
            "scope": "/subscriptions/43e7c36c-0f45-4e30-8632-9d966c4593c9/resourceGroups/asknarelle/providers/Microsoft.Storage/storageAccounts/asknarelle",
            "skip_service_principal_aad_check": null,
            "timeouts": null
          },
          "sensitive_attributes": [],
          "identity_schema_version": 0,
          "private": "eyJlMmJmYjczMC1lY2FhLTExZTYtOGY4OC0zNDM2M2JjN2M0YzAiOnsiY3JlYXRlIjoxODAwMDAwMDAwMDAwLCJkZWxldGUiOjE4MDAwMDAwMDAwMDAsInJlYWQiOjMwMDAwMDAwMDAwMH19",
          "dependencies": [
            "azurerm_resource_group.rg",
            "azurerm_resource_group_template_deployment.vi",
            "azurerm_storage_account.storage"
          ]
        }
      ]
    },
    {
      "mode": "managed",
      "type": "azurerm_role_assignment",
      "name": "webapp_acr_pull",
      "provider": "provider[\"registry.terraform.io/hashicorp/azurerm\"]",
      "instances": [
        {
          "schema_version": 0,
          "attributes": {
            "condition": "",
            "condition_version": "",
            "delegated_managed_identity_resource_id": "",
            "description": "",
            "id": "/subscriptions/43e7c36c-0f45-4e30-8632-9d966c4593c9/resourceGroups/asknarelle/providers/Microsoft.ContainerRegistry/registries/asknarelleacr/providers/Microsoft.Authorization/roleAssignments/3d7ef352-4e12-9536-b1ea-33cb6fd79886",
            "name": "3d7ef352-4e12-9536-b1ea-33cb6fd79886",
            "principal_id": "f8423779-c2b8-48d4-9ab9-2a85dbfa1810",
            "principal_type": "ServicePrincipal",
            "role_definition_id": "/subscriptions/43e7c36c-0f45-4e30-8632-9d966c4593c9/providers/Microsoft.Authorization/roleDefinitions/7f951dda-4ed3-4680-a7ca-43fe172d538d",
            "role_definition_name": "AcrPull",
            "scope": "/subscriptions/43e7c36c-0f45-4e30-8632-9d966c4593c9/resourceGroups/asknarelle/providers/Microsoft.ContainerRegistry/registries/asknarelleacr",
            "skip_service_principal_aad_check": null,
            "timeouts": null
          },
          "sensitive_attributes": [],
          "identity_schema_version": 0,
          "private": "eyJlMmJmYjczMC1lY2FhLTExZTYtOGY4OC0zNDM2M2JjN2M0YzAiOnsiY3JlYXRlIjoxODAwMDAwMDAwMDAwLCJkZWxldGUiOjE4MDAwMDAwMDAwMDAsInJlYWQiOjMwMDAwMDAwMDAwMH19",
          "dependencies": [
            "azurerm_container_registry.acr",
            "azurerm_linux_web_app.app",
            "azurerm_resource_group.rg",
            "azurerm_service_plan.asp"
          ]
        }
      ]
    },
    {
      "mode": "managed",
      "type": "azurerm_role_assignment",
      "name": "webapp_storage_contributor",
      "provider": "provider[\"registry.terraform.io/hashicorp/azurerm\"]",
      "instances": [
        {
          "schema_version": 0,
          "attributes": {
            "condition": "",
            "condition_version": "",
            "delegated_managed_identity_resource_id": "",
            "description": "",
            "id": "/subscriptions/43e7c36c-0f45-4e30-8632-9d966c4593c9/resourceGroups/asknarelle/providers/Microsoft.Storage/storageAccounts/asknarelle/providers/Microsoft.Authorization/roleAssignments/57f656dc-bf31-7537-452e-703aed68c378",
            "name": "57f656dc-bf31-7537-452e-703aed68c378",
            "principal_id": "f8423779-c2b8-48d4-9ab9-2a85dbfa1810",
            "principal_type": "ServicePrincipal",
            "role_definition_id": "/subscriptions/43e7c36c-0f45-4e30-8632-9d966c4593c9/providers/Microsoft.Authorization/roleDefinitions/ba92f5b4-2d11-453d-a403-e96b0029c9fe",
            "role_definition_name": "Storage Blob Data Contributor",
            "scope": "/subscriptions/43e7c36c-0f45-4e30-8632-9d966c4593c9/resourceGroups/asknarelle/providers/Microsoft.Storage/storageAccounts/asknarelle",
            "skip_service_principal_aad_check": null,
            "timeouts": null
          },
          "sensitive_attributes": [],
          "identity_schema_version": 0,
          "private": "eyJlMmJmYjczMC1lY2FhLTExZTYtOGY4OC0zNDM2M2JjN2M0YzAiOnsiY3JlYXRlIjoxODAwMDAwMDAwMDAwLCJkZWxldGUiOjE4MDAwMDAwMDAwMDAsInJlYWQiOjMwMDAwMDAwMDAwMH19",
          "dependencies": [
            "azurerm_linux_web_app.app",
            "azurerm_resource_group.rg",
            "azurerm_service_plan.asp",
            "azurerm_storage_account.storage"
          ]
        }
      ]
    },
    {
      "mode": "managed",
      "type": "azurerm_search_service",
      "name": "search",
      "provider": "provider[\"registry.terraform.io/hashicorp/azurerm\"]",
      "instances": [
        {
          "schema_version": 0,
          "attributes": {
            "allowed_ips": null,
            "authentication_failure_mode": "",
            "customer_managed_key_encryption_compliance_status": "Compliant",
            "customer_managed_key_enforcement_enabled": false,
            "hosting_mode": "Default",
            "id": "/subscriptions/43e7c36c-0f45-4e30-8632-9d966c4593c9/resourceGroups/asknarelle/providers/Microsoft.Search/searchServices/asknarellefree",
            "identity": [
              {
                "identity_ids": null,
                "principal_id": "0dfd8656-1d10-4dc8-b4f9-b761aa81098b",
                "tenant_id": "0714d781-75cf-4091-80d4-3aacfd1acc4f",
                "type": "SystemAssigned"
              }
            ],
            "local_authentication_enabled": true,
            "location": "centralus",
            "name": "asknarellefree",
            "network_rule_bypass_option": "None",
            "partition_count": 1,
            "primary_key": "3fRJqwpF4OlNkbgvB3F9ktGHUtvM8dN2of8UnER5AMAzSeCgDPpw",
            "public_network_access_enabled": true,
            "query_keys": [
              {
                "key": "naqrV5Xx68Ik34KSWoArocRW1XriWI0BEbD1uyJdtPAzSeCn9ADp",
                "name": ""
              }
            ],
            "replica_count": 1,
            "resource_group_name": "asknarelle",
            "secondary_key": "AF5WEHvICmMJx8hpr51YaoL2GoKd1rPcLm1jxGgsbHAzSeC1wFmH",
            "semantic_search_sku": "",
            "sku": "free",
            "tags": null,
            "timeouts": null
          },
          "sensitive_attributes": [
            [
              {
                "type": "get_attr",
                "value": "primary_key"
              }
            ],
            [
              {
                "type": "get_attr",
                "value": "secondary_key"
              }
            ]
          ],
          "identity_schema_version": 0,
          "private": "eyJlMmJmYjczMC1lY2FhLTExZTYtOGY4OC0zNDM2M2JjN2M0YzAiOnsiY3JlYXRlIjozNjAwMDAwMDAwMDAwLCJkZWxldGUiOjM2MDAwMDAwMDAwMDAsInJlYWQiOjMwMDAwMDAwMDAwMCwidXBkYXRlIjozNjAwMDAwMDAwMDAwfX0=",
          "dependencies": [
            "azurerm_resource_group.rg"
          ]
        }
      ]
    },
    {
      "mode": "managed",
      "type": "azurerm_service_plan",
      "name": "asp",
      "provider": "provider[\"registry.terraform.io/hashicorp/azurerm\"]",
      "instances": [
        {
          "schema_version": 1,
          "attributes": {
            "app_service_environment_id": "",
            "id": "/subscriptions/43e7c36c-0f45-4e30-8632-9d966c4593c9/resourceGroups/asknarelle/providers/Microsoft.Web/serverFarms/ASP-asknarelle-b5da",
            "kind": "linux",
            "location": "southeastasia",
            "maximum_elastic_worker_count": 1,
            "name": "ASP-asknarelle-b5da",
            "os_type": "Linux",
            "per_site_scaling_enabled": false,
            "premium_plan_auto_scale_enabled": false,
            "reserved": true,
            "resource_group_name": "asknarelle",
            "sku_name": "B1",
            "tags": null,
            "timeouts": null,
            "worker_count": 1,
            "zone_balancing_enabled": false
          },
          "sensitive_attributes": [],
          "identity_schema_version": 0,
          "identity": {
            "name": "ASP-asknarelle-b5da",
            "resource_group_name": "asknarelle",
            "subscription_id": "43e7c36c-0f45-4e30-8632-9d966c4593c9"
          },
          "private": "eyJlMmJmYjczMC1lY2FhLTExZTYtOGY4OC0zNDM2M2JjN2M0YzAiOnsiY3JlYXRlIjozNjAwMDAwMDAwMDAwLCJkZWxldGUiOjM2MDAwMDAwMDAwMDAsInJlYWQiOjMwMDAwMDAwMDAwMCwidXBkYXRlIjozNjAwMDAwMDAwMDAwfSwic2NoZW1hX3ZlcnNpb24iOiIxIn0=",
          "dependencies": [
            "azurerm_resource_group.rg"
          ]
        }
      ]
    },
    {
      "mode": "managed",
      "type": "azurerm_storage_account",
      "name": "storage",
      "provider": "provider[\"registry.terraform.io/hashicorp/azurerm\"]",
      "instances": [
        {
          "schema_version": 4,
          "attributes": {
            "access_tier": "Hot",
            "account_kind": "StorageV2",
            "account_replication_type": "LRS",
            "account_tier": "Standard",
            "allow_nested_items_to_be_public": true,
            "allowed_copy_scope": "",
            "azure_files_authentication": [],
            "blob_properties": [
              {
                "change_feed_enabled": false,
                "change_feed_retention_in_days": 0,
                "container_delete_retention_policy": [],
                "cors_rule": [],
                "default_service_version": "",
                "delete_retention_policy": [],
                "last_access_time_enabled": false,
                "restore_policy": [],
                "versioning_enabled": false
              }
            ],
            "cross_tenant_replication_enabled": false,
            "custom_domain": [],
            "customer_managed_key": [],
            "default_to_oauth_authentication": false,
            "dns_endpoint_type": "Standard",
            "edge_zone": "",
            "https_traffic_only_enabled": true,
            "id": "/subscriptions/43e7c36c-0f45-4e30-8632-9d966c4593c9/resourceGroups/asknarelle/providers/Microsoft.Storage/storageAccounts/asknarelle",
            "identity": [],
            "immutability_policy": [],
            "infrastructure_encryption_enabled": false,
            "is_hns_enabled": false,
            "large_file_share_enabled": false,
            "local_user_enabled": true,
            "location": "eastasia",
            "min_tls_version": "TLS1_2",
            "name": "asknarelle",
            "network_rules": [],
            "nfsv3_enabled": false,
            "primary_access_key": "g51uRBjKV/OFLDA6hg8rjXaZg5cgspfcGY2K9rLiBKouPFCIpS6/paJ5UCoWLWMXWe1EFA4yxlpW+AStZazeOg==",
            "primary_blob_connection_string": "DefaultEndpointsProtocol=https;BlobEndpoint=https://asknarelle.blob.core.windows.net/;AccountName=asknarelle;AccountKey=g51uRBjKV/OFLDA6hg8rjXaZg5cgspfcGY2K9rLiBKouPFCIpS6/paJ5UCoWLWMXWe1EFA4yxlpW+AStZazeOg==",
            "primary_blob_endpoint": "https://asknarelle.blob.core.windows.net/",
            "primary_blob_host": "asknarelle.blob.core.windows.net",
            "primary_blob_internet_endpoint": "",
            "primary_blob_internet_host": "",
            "primary_blob_microsoft_endpoint": "",
            "primary_blob_microsoft_host": "",
            "primary_connection_string": "DefaultEndpointsProtocol=https;AccountName=asknarelle;AccountKey=g51uRBjKV/OFLDA6hg8rjXaZg5cgspfcGY2K9rLiBKouPFCIpS6/paJ5UCoWLWMXWe1EFA4yxlpW+AStZazeOg==;EndpointSuffix=core.windows.net",
            "primary_dfs_endpoint": "https://asknarelle.dfs.core.windows.net/",
            "primary_dfs_host": "asknarelle.dfs.core.windows.net",
            "primary_dfs_internet_endpoint": "",
            "primary_dfs_internet_host": "",
            "primary_dfs_microsoft_endpoint": "",
            "primary_dfs_microsoft_host": "",
            "primary_file_endpoint": "https://asknarelle.file.core.windows.net/",
            "primary_file_host": "asknarelle.file.core.windows.net",
            "primary_file_internet_endpoint": "",
            "primary_file_internet_host": "",
            "primary_file_microsoft_endpoint": "",
            "primary_file_microsoft_host": "",
            "primary_location": "eastasia",
            "primary_queue_endpoint": "https://asknarelle.queue.core.windows.net/",
            "primary_queue_host": "asknarelle.queue.core.windows.net",
            "primary_queue_microsoft_endpoint": "",
            "primary_queue_microsoft_host": "",
            "primary_table_endpoint": "https://asknarelle.table.core.windows.net/",
            "primary_table_host": "asknarelle.table.core.windows.net",
            "primary_table_microsoft_endpoint": "",
            "primary_table_microsoft_host": "",
            "primary_web_endpoint": "https://asknarelle.z7.web.core.windows.net/",
            "primary_web_host": "asknarelle.z7.web.core.windows.net",
            "primary_web_internet_endpoint": "",
            "primary_web_internet_host": "",
            "primary_web_microsoft_endpoint": "",
            "primary_web_microsoft_host": "",
            "provisioned_billing_model_version": "",
            "public_network_access_enabled": true,
            "queue_encryption_key_type": "Service",
            "queue_properties": [
              {
                "cors_rule": [],
                "hour_metrics": [
                  {
                    "enabled": false,
                    "include_apis": false,
                    "retention_policy_days": 0,
                    "version": "1.0"
                  }
                ],
                "logging": [
                  {
                    "delete": false,
                    "read": false,
                    "retention_policy_days": 0,
                    "version": "1.0",
                    "write": false
                  }
                ],
                "minute_metrics": [
                  {
                    "enabled": false,
                    "include_apis": false,
                    "retention_policy_days": 0,
                    "version": "1.0"
                  }
                ]
              }
            ],
            "resource_group_name": "asknarelle",
            "routing": [],
            "sas_policy": [],
            "secondary_access_key": "xdxRtkgiZ9okjFg4nVf0jCgFNTA094d4fm103KASutu2WSjbsx2EoUvkPu+Hi4y5kVhjVenDLp2j+AStFPu9bA==",
            "secondary_blob_connection_string": "",
            "secondary_blob_endpoint": "",
            "secondary_blob_host": "",
            "secondary_blob_internet_endpoint": "",
            "secondary_blob_internet_host": "",
            "secondary_blob_microsoft_endpoint": "",
            "secondary_blob_microsoft_host": "",
            "secondary_connection_string": "DefaultEndpointsProtocol=https;AccountName=asknarelle;AccountKey=xdxRtkgiZ9okjFg4nVf0jCgFNTA094d4fm103KASutu2WSjbsx2EoUvkPu+Hi4y5kVhjVenDLp2j+AStFPu9bA==;EndpointSuffix=core.windows.net",
            "secondary_dfs_endpoint": "",
            "secondary_dfs_host": "",
            "secondary_dfs_internet_endpoint": "",
            "secondary_dfs_internet_host": "",
            "secondary_dfs_microsoft_endpoint": "",
            "secondary_dfs_microsoft_host": "",
            "secondary_file_endpoint": "",
            "secondary_file_host": "",
            "secondary_file_internet_endpoint": "",
            "secondary_file_internet_host": "",
            "secondary_file_microsoft_endpoint": "",
            "secondary_file_microsoft_host": "",
            "secondary_location": "",
            "secondary_queue_endpoint": "",
            "secondary_queue_host": "",
            "secondary_queue_microsoft_endpoint": "",
            "secondary_queue_microsoft_host": "",
            "secondary_table_endpoint": "",
            "secondary_table_host": "",
            "secondary_table_microsoft_endpoint": "",
            "secondary_table_microsoft_host": "",
            "secondary_web_endpoint": "",
            "secondary_web_host": "",
            "secondary_web_internet_endpoint": "",
            "secondary_web_internet_host": "",
            "secondary_web_microsoft_endpoint": "",
            "secondary_web_microsoft_host": "",
            "sftp_enabled": false,
            "share_properties": [
              {
                "cors_rule": [],
                "retention_policy": [
                  {
                    "days": 7
                  }
                ],
                "smb": []
              }
            ],
            "shared_access_key_enabled": true,
            "static_website": [],
            "table_encryption_key_type": "Service",
            "tags": null,
            "timeouts": null
          },
          "sensitive_attributes": [
            [
              {
                "type": "get_attr",
                "value": "primary_access_key"
              }
            ],
            [
              {
                "type": "get_attr",
                "value": "primary_blob_connection_string"
              }
            ],
            [
              {
                "type": "get_attr",
                "value": "primary_connection_string"
              }
            ],
            [
              {
                "type": "get_attr",
                "value": "secondary_access_key"
              }
            ],
            [
              {
                "type": "get_attr",
                "value": "secondary_blob_connection_string"
              }
            ],
            [
              {
                "type": "get_attr",
                "value": "secondary_connection_string"
              }
            ]
          ],
          "identity_schema_version": 0,
          "identity": {
            "name": "asknarelle",
            "resource_group_name": "asknarelle",
            "subscription_id": "43e7c36c-0f45-4e30-8632-9d966c4593c9"
          },
          "private": "eyJlMmJmYjczMC1lY2FhLTExZTYtOGY4OC0zNDM2M2JjN2M0YzAiOnsiY3JlYXRlIjozNjAwMDAwMDAwMDAwLCJkZWxldGUiOjM2MDAwMDAwMDAwMDAsInJlYWQiOjMwMDAwMDAwMDAwMCwidXBkYXRlIjozNjAwMDAwMDAwMDAwfSwic2NoZW1hX3ZlcnNpb24iOiI0In0=",
          "dependencies": [
            "azurerm_resource_group.rg"
          ]
        }
      ]
    },
    {
      "mode": "managed",
      "type": "local_file",
      "name": "env_file",
      "provider": "provider[\"registry.terraform.io/hashicorp/local\"]",
      "instances": [
        {
          "schema_version": 0,
          "attributes": {
            "content": "AZURE_CONN_STRING=\"DefaultEndpointsProtocol=https;AccountName=asknarelle;AccountKey=g51uRBjKV/OFLDA6hg8rjXaZg5cgspfcGY2K9rLiBKouPFCIpS6/paJ5UCoWLWMXWe1EFA4yxlpW+AStZazeOg==;EndpointSuffix=core.windows.net\"\r\nAZURE_STORAGE_KEY=\"g51uRBjKV/OFLDA6hg8rjXaZg5cgspfcGY2K9rLiBKouPFCIpS6/paJ5UCoWLWMXWe1EFA4yxlpW+AStZazeOg==\"\r\nMONGO_URI=\"\"\r\nAZURE_OPENAI_API_KEY=\"AgALnngtx7W3PVv3hTyXKN9CVr8aJJgBO3kjQ3RVYpKa4PjpPRLkJQQJ99CCACi0881XJ3w3AAABACOG5vkX\"\r\nAZURE_OPENAI_DEPLOYMENT_NAME=\"gpt-4o-mini\"\r\nOPENAI_API_VERSION=\"2024-12-01-preview\"\r\nAZURE_OPENAI_ENDPOINT=\"https://asknarelle-fyp.openai.azure.com/\"\r\nAZURE_COGNITIVE_SEARCH_API_KEY=\"3fRJqwpF4OlNkbgvB3F9ktGHUtvM8dN2of8UnER5AMAzSeCgDPpw\"\r\nAZURE_COGNITIVE_SEARCH_ENDPOINT=\"https://asknarellefree.search.windows.net\"\r\n\r\nDB_NAME=\"videoindexer\" \r\nAPI_VERSION=\"2025-04-01\"\r\nAPI_ENDPOINT=\"https://api.videoindexer.ai\"\r\nAZURE_RESOURCE_MANAGER=\"https://management.azure.com\"\r\n\r\nVIDEO_INDEXER_LOCATION=\"eastasia\"\r\nVIDEO_INDEXER_ACCOUNT_ID=\"ff374ed4-3e08-4595-b5f1-983ddd34b7e2\"\r\nVIDEO_INDEXER_ACCOUNT_NAME=\"asknarelle-video-indexer\"\r\nVIDEO_INDEXER_API_VERSION=\"2022-08-01\"\r\nVIDEO_INDEXER_SUBSCRIPTION_ID=\"43e7c36c-0f45-4e30-8632-9d966c4593c9\" \r\nVIDEO_INDEXER_RESOURCE_GROUP=\"asknarelle\"\r\n\r\nEMBEDDING_MODEL=\"text-embedding-ada-002\"\r\n\r\n",
            "content_base64": null,
            "content_base64sha256": "vSvY5DcEZFi0yCmB9X5jGXobpQyq7q+HX8RRZZ31JUo=",
            "content_base64sha512": "/cgIys6iUSGJsmzLLDKLqptaDwZdIvS31mvZ4FNxenAUoe0gYfHasgkkI5mAXH2O2gkx96tuBJtBN2Y8VPQHkA==",
            "content_md5": "7519eb22ad7aac64bcbc9cd3ea087c9c",
            "content_sha1": "5e657556f60f74a3a76845585b740a72bd14989e",
            "content_sha256": "bd2bd8e437046458b4c82981f57e63197a1ba50caaeeaf875fc451659df5254a",
            "content_sha512": "fdc808cacea2512189b26ccb2c328baa9b5a0f065d22f4b7d66bd9e053717a7014a1ed2061f1dab209242399805c7d8eda0931f7ab6e049b4137663c54f40790",
            "directory_permission": "0777",
            "file_permission": "0777",
            "filename": "./flask-server/.env",
            "id": "5e657556f60f74a3a76845585b740a72bd14989e",
            "sensitive_content": null,
            "source": null
          },
          "sensitive_attributes": [
            [
              {
                "type": "get_attr",
                "value": "content"
              }
            ],
            [
              {
                "type": "get_attr",
                "value": "sensitive_content"
              }
            ]
          ],
          "identity_schema_version": 0,
          "dependencies": [
            "azurerm_cognitive_account.openai",
            "azurerm_resource_group.rg",
            "azurerm_resource_group_template_deployment.vi",
            "azurerm_search_service.search",
            "azurerm_storage_account.storage",
            "data.azurerm_client_config.current"
          ]
        }
      ]
    }
  ],
  "check_results": null
}
