{
  "version": 4,
  "terraform_version": "1.14.4",
  "serial": 105,
  "lineage": "7f48db97-1bf2-84cb-f638-834ebf48159b",
  "outputs": {},
  "resources": [
    {
      "mode": "managed",
      "type": "azurerm_cognitive_account",
      "name": "openai",
      "provider": "provider[\"registry.terraform.io/hashicorp/azurerm\"]",
      "instances": [
        {
          "schema_version": 0,
          "attributes": {
            "custom_question_answering_search_service_id": "",
            "custom_question_answering_search_service_key": null,
            "custom_subdomain_name": "asknarelle-fyp",
            "customer_managed_key": [],
            "dynamic_throttling_enabled": false,
            "endpoint": "https://asknarelle-fyp.openai.azure.com/",
            "fqdns": [],
            "id": "/subscriptions/43e7c36c-0f45-4e30-8632-9d966c4593c9/resourceGroups/asknarelle/providers/Microsoft.CognitiveServices/accounts/asknarelle-fyp",
            "identity": [],
            "kind": "OpenAI",
            "local_auth_enabled": true,
            "location": "japaneast",
            "metrics_advisor_aad_client_id": "",
            "metrics_advisor_aad_tenant_id": "",
            "metrics_advisor_super_user_name": "",
            "metrics_advisor_website_name": "",
            "name": "asknarelle-fyp",
            "network_acls": [],
            "outbound_network_access_restricted": false,
            "primary_access_key": "a3579ad3b2264bf48faba036587e661a",
            "public_network_access_enabled": true,
            "qna_runtime_endpoint": "",
            "resource_group_name": "asknarelle",
            "secondary_access_key": "3c0070d2be5d4e9ca7542d2b61f2b558",
            "sku_name": "S0",
            "storage": [],
            "tags": {},
            "timeouts": null
          },
          "sensitive_attributes": [
            [
              {
                "type": "get_attr",
                "value": "custom_question_answering_search_service_key"
              }
            ],
            [
              {
                "type": "get_attr",
                "value": "primary_access_key"
              }
            ],
            [
              {
                "type": "get_attr",
                "value": "secondary_access_key"
              }
            ]
          ],
          "identity_schema_version": 0,
          "private": "eyJlMmJmYjczMC1lY2FhLTExZTYtOGY4OC0zNDM2M2JjN2M0YzAiOnsiY3JlYXRlIjoxODAwMDAwMDAwMDAwLCJkZWxldGUiOjE4MDAwMDAwMDAwMDAsInJlYWQiOjMwMDAwMDAwMDAwMCwidXBkYXRlIjoxODAwMDAwMDAwMDAwfX0=",
          "dependencies": [
            "azurerm_resource_group.rg"
          ]
        }
      ]
    },
    {
      "mode": "managed",
      "type": "azurerm_container_registry",
      "name": "acr",
      "provider": "provider[\"registry.terraform.io/hashicorp/azurerm\"]",
      "instances": [
        {
          "schema_version": 2,
          "attributes": {
            "admin_enabled": true,
            "admin_password": "8OSeL0U1FkWVZ5ievZ7HquRfeMZibF5NURTTWFvfMzTP4cDWvYOhJQQJ99CCACqBBLyEqg7NAAACAZCRhchA",
            "admin_username": "asknarelleacr",
            "anonymous_pull_enabled": false,
            "data_endpoint_enabled": false,
            "encryption": [
              {
                "enabled": false,
                "identity_client_id": "",
                "key_vault_key_id": ""
              }
            ],
            "export_policy_enabled": true,
            "georeplications": [],
            "id": "/subscriptions/43e7c36c-0f45-4e30-8632-9d966c4593c9/resourceGroups/asknarelle/providers/Microsoft.ContainerRegistry/registries/asknarelleacr",
            "identity": [],
            "location": "southeastasia",
            "login_server": "asknarelleacr.azurecr.io",
            "name": "asknarelleacr",
            "network_rule_bypass_option": "AzureServices",
            "network_rule_set": [],
            "public_network_access_enabled": true,
            "quarantine_policy_enabled": false,
            "resource_group_name": "asknarelle",
            "retention_policy": [
              {
                "days": 7,
                "enabled": false
              }
            ],
            "sku": "Basic",
            "tags": {},
            "timeouts": null,
            "trust_policy": [
              {
                "enabled": false
              }
            ],
            "zone_redundancy_enabled": false
          },
          "sensitive_attributes": [
            [
              {
                "type": "get_attr",
                "value": "admin_password"
              }
            ]
          ],
          "identity_schema_version": 0,
          "private": "eyJlMmJmYjczMC1lY2FhLTExZTYtOGY4OC0zNDM2M2JjN2M0YzAiOnsiY3JlYXRlIjoxODAwMDAwMDAwMDAwLCJkZWxldGUiOjE4MDAwMDAwMDAwMDAsInJlYWQiOjMwMDAwMDAwMDAwMCwidXBkYXRlIjoxODAwMDAwMDAwMDAwfSwic2NoZW1hX3ZlcnNpb24iOiIyIn0=",
          "dependencies": [
            "azurerm_resource_group.rg"
          ]
        }
      ]
    },
    {
      "mode": "managed",
      "type": "azurerm_cosmosdb_account",
      "name": "cosmos",
      "provider": "provider[\"registry.terraform.io/hashicorp/azurerm\"]",
      "instances": [
        {
          "schema_version": 0,
          "attributes": {
            "access_key_metadata_writes_enabled": true,
            "analytical_storage": [
              {
                "schema_type": "FullFidelity"
              }
            ],
            "analytical_storage_enabled": false,
            "automatic_failover_enabled": false,
            "backup": [
              {
                "interval_in_minutes": 240,
                "retention_in_hours": 8,
                "storage_redundancy": "Geo",
                "tier": "",
                "type": "Periodic"
              }
            ],
            "burst_capacity_enabled": false,
            "capabilities": [
              {
                "name": "EnableMongo"
              }
            ],
            "capacity": [],
            "connection_strings": [
              "mongodb://asknarelle:zRy9wbWLREFDaP0IZ5X6SPQC80JL3bxvtNW8kOUsRVVy1NaQtDGne3zy1DEnukkOKoPA8vBanBXrACDbZC1fdg==@asknarelle.mongo.cosmos.azure.com:10255/?ssl=true\u0026replicaSet=globaldb\u0026retrywrites=false\u0026maxIdleTimeMS=120000\u0026appName=@asknarelle@",
              "mongodb://asknarelle:GdF2wZ78amxJfih8kAaiQcgeYMxGBLy0Z50rpqNpullXqsOmn6tGIEvJre6VUKJrQjP7gvrLQ0NmACDbcX0SBA==@asknarelle.mongo.cosmos.azure.com:10255/?ssl=true\u0026replicaSet=globaldb\u0026retrywrites=false\u0026maxIdleTimeMS=120000\u0026appName=@asknarelle@",
              "mongodb://asknarelle:0Pc0HUvSPx7nucY1sMoJ5HYXl3xHJfJdOuRs4FikfKS7Hku6Vnze5dBuOkB4RUtiEYGE3lExRj9yACDb7g7hBg==@asknarelle.mongo.cosmos.azure.com:10255/?ssl=true\u0026replicaSet=globaldb\u0026retrywrites=false\u0026maxIdleTimeMS=120000\u0026appName=@asknarelle@",
              "mongodb://asknarelle:Fql3jW1fYmqNG8cysHsDbwtVhUUV2FHuDrLqR9mKk4XYieeLS0epDyvk6MMDQlIaJZ53Qvokv8qBACDbY1RShw==@asknarelle.mongo.cosmos.azure.com:10255/?ssl=true\u0026replicaSet=globaldb\u0026retrywrites=false\u0026maxIdleTimeMS=120000\u0026appName=@asknarelle@"
            ],
            "consistency_policy": [
              {
                "consistency_level": "Session",
                "max_interval_in_seconds": 5,
                "max_staleness_prefix": 100
              }
            ],
            "cors_rule": [],
            "create_mode": "",
            "default_identity_type": "FirstPartyIdentity",
            "enable_automatic_failover": false,
            "enable_free_tier": false,
            "enable_multiple_write_locations": false,
            "endpoint": "https://asknarelle.documents.azure.com:443/",
            "free_tier_enabled": false,
            "geo_location": [
              {
                "failover_priority": 0,
                "id": "asknarelle-japanwest",
                "location": "japanwest",
                "zone_redundant": false
              }
            ],
            "id": "/subscriptions/43e7c36c-0f45-4e30-8632-9d966c4593c9/resourceGroups/asknarelle/providers/Microsoft.DocumentDB/databaseAccounts/asknarelle",
            "identity": [],
            "ip_range_filter": "",
            "is_virtual_network_filter_enabled": false,
            "key_vault_key_id": null,
            "kind": "MongoDB",
            "local_authentication_disabled": false,
            "location": "japanwest",
            "minimal_tls_version": "Tls12",
            "mongo_server_version": "4.2",
            "multiple_write_locations_enabled": false,
            "name": "asknarelle",
            "network_acl_bypass_for_azure_services": false,
            "network_acl_bypass_ids": [],
            "offer_type": "Standard",
            "partition_merge_enabled": false,
            "primary_key": "zRy9wbWLREFDaP0IZ5X6SPQC80JL3bxvtNW8kOUsRVVy1NaQtDGne3zy1DEnukkOKoPA8vBanBXrACDbZC1fdg==",
            "primary_mongodb_connection_string": "mongodb://asknarelle:zRy9wbWLREFDaP0IZ5X6SPQC80JL3bxvtNW8kOUsRVVy1NaQtDGne3zy1DEnukkOKoPA8vBanBXrACDbZC1fdg==@asknarelle.mongo.cosmos.azure.com:10255/?ssl=true\u0026replicaSet=globaldb\u0026retrywrites=false\u0026maxIdleTimeMS=120000\u0026appName=@asknarelle@",
            "primary_readonly_key": "0Pc0HUvSPx7nucY1sMoJ5HYXl3xHJfJdOuRs4FikfKS7Hku6Vnze5dBuOkB4RUtiEYGE3lExRj9yACDb7g7hBg==",
            "primary_readonly_mongodb_connection_string": "mongodb://asknarelle:0Pc0HUvSPx7nucY1sMoJ5HYXl3xHJfJdOuRs4FikfKS7Hku6Vnze5dBuOkB4RUtiEYGE3lExRj9yACDb7g7hBg==@asknarelle.mongo.cosmos.azure.com:10255/?ssl=true\u0026replicaSet=globaldb\u0026retrywrites=false\u0026maxIdleTimeMS=120000\u0026appName=@asknarelle@",
            "primary_readonly_sql_connection_string": null,
            "primary_sql_connection_string": null,
            "public_network_access_enabled": true,
            "read_endpoints": [
              "https://asknarelle-japanwest.documents.azure.com:443/"
            ],
            "resource_group_name": "asknarelle",
            "restore": [],
            "secondary_key": "GdF2wZ78amxJfih8kAaiQcgeYMxGBLy0Z50rpqNpullXqsOmn6tGIEvJre6VUKJrQjP7gvrLQ0NmACDbcX0SBA==",
            "secondary_mongodb_connection_string": "mongodb://asknarelle:GdF2wZ78amxJfih8kAaiQcgeYMxGBLy0Z50rpqNpullXqsOmn6tGIEvJre6VUKJrQjP7gvrLQ0NmACDbcX0SBA==@asknarelle.mongo.cosmos.azure.com:10255/?ssl=true\u0026replicaSet=globaldb\u0026retrywrites=false\u0026maxIdleTimeMS=120000\u0026appName=@asknarelle@",
            "secondary_readonly_key": "Fql3jW1fYmqNG8cysHsDbwtVhUUV2FHuDrLqR9mKk4XYieeLS0epDyvk6MMDQlIaJZ53Qvokv8qBACDbY1RShw==",
            "secondary_readonly_mongodb_connection_string": "mongodb://asknarelle:Fql3jW1fYmqNG8cysHsDbwtVhUUV2FHuDrLqR9mKk4XYieeLS0epDyvk6MMDQlIaJZ53Qvokv8qBACDbY1RShw==@asknarelle.mongo.cosmos.azure.com:10255/?ssl=true\u0026replicaSet=globaldb\u0026retrywrites=false\u0026maxIdleTimeMS=120000\u0026appName=@asknarelle@",
            "secondary_readonly_sql_connection_string": null,
            "secondary_sql_connection_string": null,
            "tags": {},
            "timeouts": null,
            "virtual_network_rule": [],
            "write_endpoints": [
              "https://asknarelle-japanwest.documents.azure.com:443/"
            ]
          },
          "sensitive_attributes": [
            [
              {
                "type": "get_attr",
                "value": "connection_strings"
              }
            ],
            [
              {
                "type": "get_attr",
                "value": "primary_key"
              }
            ],
            [
              {
                "type": "get_attr",
                "value": "primary_mongodb_connection_string"
              }
            ],
            [
              {
                "type": "get_attr",
                "value": "primary_readonly_key"
              }
            ],
            [
              {
                "type": "get_attr",
                "value": "primary_readonly_mongodb_connection_string"
              }
            ],
            [
              {
                "type": "get_attr",
                "value": "primary_readonly_sql_connection_string"
              }
            ],
            [
              {
                "type": "get_attr",
                "value": "primary_sql_connection_string"
              }
            ],
            [
              {
                "type": "get_attr",
                "value": "secondary_key"
              }
            ],
            [
              {
                "type": "get_attr",
                "value": "secondary_mongodb_connection_string"
              }
            ],
            [
              {
                "type": "get_attr",
                "value": "secondary_readonly_key"
              }
            ],
            [
              {
                "type": "get_attr",
                "value": "secondary_readonly_mongodb_connection_string"
              }
            ],
            [
              {
                "type": "get_attr",
                "value": "secondary_readonly_sql_connection_string"
              }
            ],
            [
              {
                "type": "get_attr",
                "value": "secondary_sql_connection_string"
              }
            ]
          ],
          "identity_schema_version": 0,
          "private": "eyJlMmJmYjczMC1lY2FhLTExZTYtOGY4OC0zNDM2M2JjN2M0YzAiOnsiY3JlYXRlIjoxMDgwMDAwMDAwMDAwMCwiZGVsZXRlIjoxMDgwMDAwMDAwMDAwMCwicmVhZCI6MzAwMDAwMDAwMDAwLCJ1cGRhdGUiOjEwODAwMDAwMDAwMDAwfX0=",
          "dependencies": [
            "azurerm_resource_group.rg"
          ]
        }
      ]
    },
    {
      "mode": "managed",
      "type": "azurerm_linux_web_app",
      "name": "app",
      "provider": "provider[\"registry.terraform.io/hashicorp/azurerm\"]",
      "instances": [
        {
          "schema_version": 1,
          "attributes": {
            "app_settings": {},
            "auth_settings": [],
            "auth_settings_v2": [],
            "backup": [],
            "client_affinity_enabled": false,
            "client_certificate_enabled": false,
            "client_certificate_exclusion_paths": "",
            "client_certificate_mode": "Required",
            "connection_string": [],
            "custom_domain_verification_id": "7AB3BB9C4CA8697F789986610412685E1A6C09FB836F3CAF34209EFD3460DCB3",
            "default_hostname": "asknarelle-portal.azurewebsites.net",
            "enabled": true,
            "ftp_publish_basic_authentication_enabled": true,
            "hosting_environment_id": "",
            "https_only": false,
            "id": "/subscriptions/43e7c36c-0f45-4e30-8632-9d966c4593c9/resourceGroups/asknarelle/providers/Microsoft.Web/sites/asknarelle-portal",
            "identity": [
              {
                "identity_ids": [],
                "principal_id": "8dce0a9e-834f-46e2-a7e1-e0a7920e6a26",
                "tenant_id": "0714d781-75cf-4091-80d4-3aacfd1acc4f",
                "type": "SystemAssigned"
              }
            ],
            "key_vault_reference_identity_id": "SystemAssigned",
            "kind": "app,linux",
            "location": "southeastasia",
            "logs": [],
            "name": "asknarelle-portal",
            "outbound_ip_address_list": [
              "172.188.197.214",
              "172.188.197.241",
              "172.188.193.94",
              "172.188.198.18",
              "172.188.195.225",
              "172.188.197.70",
              "57.158.168.178",
              "52.253.85.81",
              "4.145.120.127",
              "57.155.27.234",
              "40.90.185.170",
              "57.158.169.194",
              "172.188.194.175",
              "172.188.194.199",
              "172.188.195.117",
              "172.188.195.153",
              "172.188.196.13",
              "172.188.197.51",
              "20.212.64.3"
            ],
            "outbound_ip_addresses": "172.188.197.214,172.188.197.241,172.188.193.94,172.188.198.18,172.188.195.225,172.188.197.70,57.158.168.178,52.253.85.81,4.145.120.127,57.155.27.234,40.90.185.170,57.158.169.194,172.188.194.175,172.188.194.199,172.188.195.117,172.188.195.153,172.188.196.13,172.188.197.51,20.212.64.3",
            "possible_outbound_ip_address_list": [
              "172.188.197.214",
              "172.188.197.241",
              "172.188.193.94",
              "172.188.198.18",
              "172.188.195.225",
              "172.188.197.70",
              "57.158.168.178",
              "52.253.85.81",
              "4.145.120.127",
              "57.155.27.234",
              "40.90.185.170",
              "57.158.169.194",
              "172.188.194.175",
              "172.188.194.199",
              "172.188.195.117",
              "172.188.195.153",
              "172.188.196.13",
              "172.188.197.51",
              "172.188.197.58",
              "172.188.197.72",
              "172.188.197.81",
              "172.188.197.124",
              "172.188.197.135",
              "172.188.197.162",
              "172.188.197.166",
              "172.188.197.181",
              "172.188.197.182",
              "172.188.192.218",
              "172.188.197.203",
              "172.188.197.208",
              "172.188.198.13",
              "172.188.198.25",
              "172.188.192.198",
              "172.188.198.38",
              "172.188.198.90",
              "172.188.198.120",
              "20.212.64.3"
            ],
            "possible_outbound_ip_addresses": "172.188.197.214,172.188.197.241,172.188.193.94,172.188.198.18,172.188.195.225,172.188.197.70,57.158.168.178,52.253.85.81,4.145.120.127,57.155.27.234,40.90.185.170,57.158.169.194,172.188.194.175,172.188.194.199,172.188.195.117,172.188.195.153,172.188.196.13,172.188.197.51,172.188.197.58,172.188.197.72,172.188.197.81,172.188.197.124,172.188.197.135,172.188.197.162,172.188.197.166,172.188.197.181,172.188.197.182,172.188.192.218,172.188.197.203,172.188.197.208,172.188.198.13,172.188.198.25,172.188.192.198,172.188.198.38,172.188.198.90,172.188.198.120,20.212.64.3",
            "public_network_access_enabled": true,
            "resource_group_name": "asknarelle",
            "service_plan_id": "/subscriptions/43e7c36c-0f45-4e30-8632-9d966c4593c9/resourceGroups/asknarelle/providers/Microsoft.Web/serverFarms/ASP-asknarelle-b5da",
            "site_config": [
              {
                "always_on": true,
                "api_definition_url": "",
                "api_management_api_id": "",
                "app_command_line": "",
                "application_stack": [
                  {
                    "docker_image": "",
                    "docker_image_name": "",
                    "docker_image_tag": "",
                    "docker_registry_password": "",
                    "docker_registry_url": "",
                    "docker_registry_username": "",
                    "dotnet_version": "",
                    "go_version": "",
                    "java_server": "",
                    "java_server_version": "",
                    "java_version": "",
                    "node_version": "",
                    "php_version": "",
                    "python_version": "3.9",
                    "ruby_version": ""
                  }
                ],
                "auto_heal_enabled": false,
                "auto_heal_setting": [],
                "container_registry_managed_identity_client_id": "",
                "container_registry_use_managed_identity": false,
                "cors": [],
                "default_documents": [
                  "Default.htm",
                  "Default.html",
                  "Default.asp",
                  "index.htm",
                  "index.html",
                  "iisstart.htm",
                  "default.aspx",
                  "index.php",
                  "hostingstart.html"
                ],
                "detailed_error_logging_enabled": false,
                "ftps_state": "Disabled",
                "health_check_eviction_time_in_min": 0,
                "health_check_path": "",
                "http2_enabled": false,
                "ip_restriction": [],
                "ip_restriction_default_action": "Allow",
                "linux_fx_version": "PYTHON|3.9",
                "load_balancing_mode": "LeastRequests",
                "local_mysql_enabled": false,
                "managed_pipeline_mode": "Integrated",
                "minimum_tls_version": "1.2",
                "remote_debugging_enabled": false,
                "remote_debugging_version": "VS2022",
                "scm_ip_restriction": [],
                "scm_ip_restriction_default_action": "Allow",
                "scm_minimum_tls_version": "1.2",
                "scm_type": "None",
                "scm_use_main_ip_restriction": false,
                "use_32_bit_worker": true,
                "vnet_route_all_enabled": false,
                "websockets_enabled": false,
                "worker_count": 1
              }
            ],
            "site_credential": [
              {
                "name": "$asknarelle-portal",
                "password": "PbCqiqjgb1k5qCZrewkHL1ezTu8etqgjZ8fkuvwfjxRQ8AQnEhXLkPbfAFL0"
              }
            ],
            "sticky_settings": [],
            "storage_account": [],
            "tags": {},
            "timeouts": null,
            "virtual_network_subnet_id": "",
            "webdeploy_publish_basic_authentication_enabled": true,
            "zip_deploy_file": ""
          },
          "sensitive_attributes": [
            [
              {
                "type": "get_attr",
                "value": "custom_domain_verification_id"
              }
            ],
            [
              {
                "type": "get_attr",
                "value": "site_config"
              },
              {
                "type": "index",
                "value": {
                  "value": 0,
                  "type": "number"
                }
              },
              {
                "type": "get_attr",
                "value": "application_stack"
              },
              {
                "type": "index",
                "value": {
                  "value": 0,
                  "type": "number"
                }
              },
              {
                "type": "get_attr",
                "value": "docker_registry_password"
              }
            ],
            [
              {
                "type": "get_attr",
                "value": "site_credential"
              }
            ]
          ],
          "identity_schema_version": 0,
          "private": "eyJlMmJmYjczMC1lY2FhLTExZTYtOGY4OC0zNDM2M2JjN2M0YzAiOnsiY3JlYXRlIjoxODAwMDAwMDAwMDAwLCJkZWxldGUiOjE4MDAwMDAwMDAwMDAsInJlYWQiOjMwMDAwMDAwMDAwMCwidXBkYXRlIjoxODAwMDAwMDAwMDAwfSwic2NoZW1hX3ZlcnNpb24iOiIxIn0=",
          "dependencies": [
            "azurerm_resource_group.rg",
            "azurerm_service_plan.asp"
          ]
        }
      ]
    },
    {
      "mode": "managed",
      "type": "azurerm_resource_group",
      "name": "rg",
      "provider": "provider[\"registry.terraform.io/hashicorp/azurerm\"]",
      "instances": [
        {
          "schema_version": 0,
          "attributes": {
            "id": "/subscriptions/43e7c36c-0f45-4e30-8632-9d966c4593c9/resourceGroups/asknarelle",
            "location": "southeastasia",
            "managed_by": "",
            "name": "asknarelle",
            "tags": {},
            "timeouts": null
          },
          "sensitive_attributes": [],
          "identity_schema_version": 0,
          "private": "eyJlMmJmYjczMC1lY2FhLTExZTYtOGY4OC0zNDM2M2JjN2M0YzAiOnsiY3JlYXRlIjo1NDAwMDAwMDAwMDAwLCJkZWxldGUiOjU0MDAwMDAwMDAwMDAsInJlYWQiOjMwMDAwMDAwMDAwMCwidXBkYXRlIjo1NDAwMDAwMDAwMDAwfX0="
        }
      ]
    },
    {
      "mode": "managed",
      "type": "azurerm_resource_group_template_deployment",
      "name": "vi",
      "provider": "provider[\"registry.terraform.io/hashicorp/azurerm\"]",
      "instances": [
        {
          "schema_version": 0,
          "attributes": {
            "debug_level": "",
            "deployment_mode": "Incremental",
            "id": "/subscriptions/43e7c36c-0f45-4e30-8632-9d966c4593c9/resourceGroups/asknarelle/providers/Microsoft.Resources/deployments/video-indexer-deployment",
            "name": "video-indexer-deployment",
            "output_content": "{\"accountId\":{\"type\":\"String\",\"value\":\"665df8ad-ba4a-452d-8dad-758d4acffb2f\"},\"principalId\":{\"type\":\"String\",\"value\":\"f2e467c9-d7f5-410f-a04c-0c9c0be5e3c3\"}}",
            "parameters_content": "{\"accountName\":{\"value\":\"asknarelle-video-indexer\"},\"location\":{\"value\":\"East Asia\"},\"storageAccountId\":{\"value\":\"/subscriptions/43e7c36c-0f45-4e30-8632-9d966c4593c9/resourceGroups/asknarelle/providers/Microsoft.Storage/storageAccounts/asknarelle\"}}",
            "resource_group_name": "asknarelle",
            "tags": {},
            "template_content": "{\"$schema\":\"https://schema.management.azure.com/schemas/2019-04-01/deploymentTemplate.json#\",\"contentVersion\":\"1.0.0.0\",\"outputs\":{\"accountId\":{\"type\":\"String\",\"value\":\"[reference(resourceId('Microsoft.VideoIndexer/accounts', parameters('accountName')), '2024-01-01').accountId]\"},\"principalId\":{\"type\":\"String\",\"value\":\"[reference(resourceId('Microsoft.VideoIndexer/accounts', parameters('accountName')), '2024-01-01', 'Full').identity.principalId]\"}},\"parameters\":{\"accountName\":{\"type\":\"String\"},\"location\":{\"type\":\"String\"},\"storageAccountId\":{\"type\":\"String\"}},\"resources\":[{\"apiVersion\":\"2024-01-01\",\"identity\":{\"type\":\"SystemAssigned\"},\"location\":\"[parameters('location')]\",\"name\":\"[parameters('accountName')]\",\"properties\":{\"storageServices\":{\"resourceId\":\"[parameters('storageAccountId')]\"}},\"type\":\"Microsoft.VideoIndexer/accounts\"}]}",
            "template_spec_version_id": "",
            "timeouts": null
          },
          "sensitive_attributes": [],
          "identity_schema_version": 0,
          "private": "eyJlMmJmYjczMC1lY2FhLTExZTYtOGY4OC0zNDM2M2JjN2M0YzAiOnsiY3JlYXRlIjoxMDgwMDAwMDAwMDAwMCwiZGVsZXRlIjoxMDgwMDAwMDAwMDAwMCwicmVhZCI6MzAwMDAwMDAwMDAwLCJ1cGRhdGUiOjEwODAwMDAwMDAwMDAwfX0=",
          "dependencies": [
            "azurerm_resource_group.rg",
            "azurerm_storage_account.storage"
          ]
        }
      ]
    },
    {
      "mode": "managed",
      "type": "azurerm_role_assignment",
      "name": "search_storage_reader",
      "provider": "provider[\"registry.terraform.io/hashicorp/azurerm\"]",
      "instances": [
        {
          "schema_version": 0,
          "attributes": {
            "condition": "",
            "condition_version": "",
            "delegated_managed_identity_resource_id": "",
            "description": "",
            "id": "/subscriptions/43e7c36c-0f45-4e30-8632-9d966c4593c9/resourceGroups/asknarelle/providers/Microsoft.Storage/storageAccounts/asknarelle/providers/Microsoft.Authorization/roleAssignments/495d9504-ec82-f57c-6fb9-b3581c97e230",
            "name": "495d9504-ec82-f57c-6fb9-b3581c97e230",
            "principal_id": "9a4a8fb0-0b23-4109-b77f-1a6823793197",
            "principal_type": "ServicePrincipal",
            "role_definition_id": "/subscriptions/43e7c36c-0f45-4e30-8632-9d966c4593c9/providers/Microsoft.Authorization/roleDefinitions/2a2b9908-6ea1-4ae2-8e65-a410df84e7d1",
            "role_definition_name": "Storage Blob Data Reader",
            "scope": "/subscriptions/43e7c36c-0f45-4e30-8632-9d966c4593c9/resourceGroups/asknarelle/providers/Microsoft.Storage/storageAccounts/asknarelle",
            "skip_service_principal_aad_check": null,
            "timeouts": null
          },
          "sensitive_attributes": [],
          "identity_schema_version": 0,
          "private": "eyJlMmJmYjczMC1lY2FhLTExZTYtOGY4OC0zNDM2M2JjN2M0YzAiOnsiY3JlYXRlIjoxODAwMDAwMDAwMDAwLCJkZWxldGUiOjE4MDAwMDAwMDAwMDAsInJlYWQiOjMwMDAwMDAwMDAwMH19",
          "dependencies": [
            "azurerm_resource_group.rg",
            "azurerm_search_service.search",
            "azurerm_storage_account.storage"
          ]
        }
      ]
    },
    {
      "mode": "managed",
      "type": "azurerm_role_assignment",
      "name": "vi_contributor",
      "provider": "provider[\"registry.terraform.io/hashicorp/azurerm\"]",
      "instances": [
        {
          "schema_version": 0,
          "attributes": {
            "condition": "",
            "condition_version": "",
            "delegated_managed_identity_resource_id": "",
            "description": "",
            "id": "/subscriptions/43e7c36c-0f45-4e30-8632-9d966c4593c9/resourceGroups/asknarelle/providers/Microsoft.Storage/storageAccounts/asknarelle/providers/Microsoft.Authorization/roleAssignments/b16683d9-3b86-2d6e-73f1-7c8232151d46",
            "name": "b16683d9-3b86-2d6e-73f1-7c8232151d46",
            "principal_id": "f2e467c9-d7f5-410f-a04c-0c9c0be5e3c3",
            "principal_type": "ServicePrincipal",
            "role_definition_id": "/subscriptions/43e7c36c-0f45-4e30-8632-9d966c4593c9/providers/Microsoft.Authorization/roleDefinitions/b24988ac-6180-42a0-ab88-20f7382dd24c",
            "role_definition_name": "Contributor",
            "scope": "/subscriptions/43e7c36c-0f45-4e30-8632-9d966c4593c9/resourceGroups/asknarelle/providers/Microsoft.Storage/storageAccounts/asknarelle",
            "skip_service_principal_aad_check": null,
            "timeouts": null
          },
          "sensitive_attributes": [],
          "identity_schema_version": 0,
          "private": "eyJlMmJmYjczMC1lY2FhLTExZTYtOGY4OC0zNDM2M2JjN2M0YzAiOnsiY3JlYXRlIjoxODAwMDAwMDAwMDAwLCJkZWxldGUiOjE4MDAwMDAwMDAwMDAsInJlYWQiOjMwMDAwMDAwMDAwMH19",
          "dependencies": [
            "azurerm_resource_group.rg",
            "azurerm_resource_group_template_deployment.vi",
            "azurerm_storage_account.storage"
          ]
        }
      ]
    },
    {
      "mode": "managed",
      "type": "azurerm_role_assignment",
      "name": "vi_storage_contributor",
      "provider": "provider[\"registry.terraform.io/hashicorp/azurerm\"]",
      "instances": [
        {
          "schema_version": 0,
          "attributes": {
            "condition": "",
            "condition_version": "",
            "delegated_managed_identity_resource_id": "",
            "description": "",
            "id": "/subscriptions/43e7c36c-0f45-4e30-8632-9d966c4593c9/resourceGroups/asknarelle/providers/Microsoft.Storage/storageAccounts/asknarelle/providers/Microsoft.Authorization/roleAssignments/5071327f-4c87-8bdc-de58-8cbbfe768267",
            "name": "5071327f-4c87-8bdc-de58-8cbbfe768267",
            "principal_id": "f2e467c9-d7f5-410f-a04c-0c9c0be5e3c3",
            "principal_type": "ServicePrincipal",
            "role_definition_id": "/subscriptions/43e7c36c-0f45-4e30-8632-9d966c4593c9/providers/Microsoft.Authorization/roleDefinitions/ba92f5b4-2d11-453d-a403-e96b0029c9fe",
            "role_definition_name": "Storage Blob Data Contributor",
            "scope": "/subscriptions/43e7c36c-0f45-4e30-8632-9d966c4593c9/resourceGroups/asknarelle/providers/Microsoft.Storage/storageAccounts/asknarelle",
            "skip_service_principal_aad_check": null,
            "timeouts": null
          },
          "sensitive_attributes": [],
          "identity_schema_version": 0,
          "private": "eyJlMmJmYjczMC1lY2FhLTExZTYtOGY4OC0zNDM2M2JjN2M0YzAiOnsiY3JlYXRlIjoxODAwMDAwMDAwMDAwLCJkZWxldGUiOjE4MDAwMDAwMDAwMDAsInJlYWQiOjMwMDAwMDAwMDAwMH19",
          "dependencies": [
            "azurerm_resource_group.rg",
            "azurerm_resource_group_template_deployment.vi",
            "azurerm_storage_account.storage"
          ]
        }
      ]
    },
    {
      "mode": "managed",
      "type": "azurerm_role_assignment",
      "name": "webapp_acr_pull",
      "provider": "provider[\"registry.terraform.io/hashicorp/azurerm\"]",
      "instances": [
        {
          "schema_version": 0,
          "attributes": {
            "condition": "",
            "condition_version": "",
            "delegated_managed_identity_resource_id": "",
            "description": "",
            "id": "/subscriptions/43e7c36c-0f45-4e30-8632-9d966c4593c9/resourceGroups/asknarelle/providers/Microsoft.ContainerRegistry/registries/asknarelleacr/providers/Microsoft.Authorization/roleAssignments/c3d980f4-ce85-3190-8e0b-6462a825d244",
            "name": "c3d980f4-ce85-3190-8e0b-6462a825d244",
            "principal_id": "8dce0a9e-834f-46e2-a7e1-e0a7920e6a26",
            "principal_type": "ServicePrincipal",
            "role_definition_id": "/subscriptions/43e7c36c-0f45-4e30-8632-9d966c4593c9/providers/Microsoft.Authorization/roleDefinitions/7f951dda-4ed3-4680-a7ca-43fe172d538d",
            "role_definition_name": "AcrPull",
            "scope": "/subscriptions/43e7c36c-0f45-4e30-8632-9d966c4593c9/resourceGroups/asknarelle/providers/Microsoft.ContainerRegistry/registries/asknarelleacr",
            "skip_service_principal_aad_check": null,
            "timeouts": null
          },
          "sensitive_attributes": [],
          "identity_schema_version": 0,
          "private": "eyJlMmJmYjczMC1lY2FhLTExZTYtOGY4OC0zNDM2M2JjN2M0YzAiOnsiY3JlYXRlIjoxODAwMDAwMDAwMDAwLCJkZWxldGUiOjE4MDAwMDAwMDAwMDAsInJlYWQiOjMwMDAwMDAwMDAwMH19",
          "dependencies": [
            "azurerm_container_registry.acr",
            "azurerm_linux_web_app.app",
            "azurerm_resource_group.rg",
            "azurerm_service_plan.asp"
          ]
        }
      ]
    },
    {
      "mode": "managed",
      "type": "azurerm_role_assignment",
      "name": "webapp_storage_contributor",
      "provider": "provider[\"registry.terraform.io/hashicorp/azurerm\"]",
      "instances": [
        {
          "schema_version": 0,
          "attributes": {
            "condition": "",
            "condition_version": "",
            "delegated_managed_identity_resource_id": "",
            "description": "",
            "id": "/subscriptions/43e7c36c-0f45-4e30-8632-9d966c4593c9/resourceGroups/asknarelle/providers/Microsoft.Storage/storageAccounts/asknarelle/providers/Microsoft.Authorization/roleAssignments/bf11b6dc-7f84-064b-fb7c-bbb51501e51c",
            "name": "bf11b6dc-7f84-064b-fb7c-bbb51501e51c",
            "principal_id": "8dce0a9e-834f-46e2-a7e1-e0a7920e6a26",
            "principal_type": "ServicePrincipal",
            "role_definition_id": "/subscriptions/43e7c36c-0f45-4e30-8632-9d966c4593c9/providers/Microsoft.Authorization/roleDefinitions/ba92f5b4-2d11-453d-a403-e96b0029c9fe",
            "role_definition_name": "Storage Blob Data Contributor",
            "scope": "/subscriptions/43e7c36c-0f45-4e30-8632-9d966c4593c9/resourceGroups/asknarelle/providers/Microsoft.Storage/storageAccounts/asknarelle",
            "skip_service_principal_aad_check": null,
            "timeouts": null
          },
          "sensitive_attributes": [],
          "identity_schema_version": 0,
          "private": "eyJlMmJmYjczMC1lY2FhLTExZTYtOGY4OC0zNDM2M2JjN2M0YzAiOnsiY3JlYXRlIjoxODAwMDAwMDAwMDAwLCJkZWxldGUiOjE4MDAwMDAwMDAwMDAsInJlYWQiOjMwMDAwMDAwMDAwMH19",
          "dependencies": [
            "azurerm_linux_web_app.app",
            "azurerm_resource_group.rg",
            "azurerm_service_plan.asp",
            "azurerm_storage_account.storage"
          ]
        }
      ]
    },
    {
      "mode": "managed",
      "type": "azurerm_search_service",
      "name": "search",
      "provider": "provider[\"registry.terraform.io/hashicorp/azurerm\"]",
      "instances": [
        {
          "schema_version": 0,
          "attributes": {
            "allowed_ips": [],
            "authentication_failure_mode": "",
            "customer_managed_key_enforcement_enabled": false,
            "hosting_mode": "default",
            "id": "/subscriptions/43e7c36c-0f45-4e30-8632-9d966c4593c9/resourceGroups/asknarelle/providers/Microsoft.Search/searchServices/asknarellefree",
            "identity": [
              {
                "principal_id": "9a4a8fb0-0b23-4109-b77f-1a6823793197",
                "tenant_id": "0714d781-75cf-4091-80d4-3aacfd1acc4f",
                "type": "SystemAssigned"
              }
            ],
            "local_authentication_enabled": true,
            "location": "centralus",
            "name": "asknarellefree",
            "partition_count": 1,
            "primary_key": "n0ICur8MF3RlGo5XrHhhjTF1BXRAoEdXjBbDK9n5jcAzSeAAiR3P",
            "public_network_access_enabled": true,
            "query_keys": [
              {
                "key": "wABDRA9ftq2YE3emep8eQQOjzFExEQJlBNbap5MROyAzSeA8PcFV",
                "name": ""
              }
            ],
            "replica_count": 1,
            "resource_group_name": "asknarelle",
            "secondary_key": "MpF0thcyxRdsRApSUrJcG7xRZOGFJY6n2zpmpqQXOiAzSeBl5loC",
            "semantic_search_sku": "",
            "sku": "free",
            "tags": {},
            "timeouts": null
          },
          "sensitive_attributes": [
            [
              {
                "type": "get_attr",
                "value": "primary_key"
              }
            ],
            [
              {
                "type": "get_attr",
                "value": "secondary_key"
              }
            ]
          ],
          "identity_schema_version": 0,
          "private": "eyJlMmJmYjczMC1lY2FhLTExZTYtOGY4OC0zNDM2M2JjN2M0YzAiOnsiY3JlYXRlIjozNjAwMDAwMDAwMDAwLCJkZWxldGUiOjM2MDAwMDAwMDAwMDAsInJlYWQiOjMwMDAwMDAwMDAwMCwidXBkYXRlIjozNjAwMDAwMDAwMDAwfX0=",
          "dependencies": [
            "azurerm_resource_group.rg"
          ]
        }
      ]
    },
    {
      "mode": "managed",
      "type": "azurerm_service_plan",
      "name": "asp",
      "provider": "provider[\"registry.terraform.io/hashicorp/azurerm\"]",
      "instances": [
        {
          "schema_version": 1,
          "attributes": {
            "app_service_environment_id": "",
            "id": "/subscriptions/43e7c36c-0f45-4e30-8632-9d966c4593c9/resourceGroups/asknarelle/providers/Microsoft.Web/serverFarms/ASP-asknarelle-b5da",
            "kind": "linux",
            "location": "southeastasia",
            "maximum_elastic_worker_count": 1,
            "name": "ASP-asknarelle-b5da",
            "os_type": "Linux",
            "per_site_scaling_enabled": false,
            "reserved": true,
            "resource_group_name": "asknarelle",
            "sku_name": "B1",
            "tags": {},
            "timeouts": null,
            "worker_count": 1,
            "zone_balancing_enabled": false
          },
          "sensitive_attributes": [],
          "identity_schema_version": 0,
          "private": "eyJlMmJmYjczMC1lY2FhLTExZTYtOGY4OC0zNDM2M2JjN2M0YzAiOnsiY3JlYXRlIjozNjAwMDAwMDAwMDAwLCJkZWxldGUiOjM2MDAwMDAwMDAwMDAsInJlYWQiOjMwMDAwMDAwMDAwMCwidXBkYXRlIjozNjAwMDAwMDAwMDAwfSwic2NoZW1hX3ZlcnNpb24iOiIxIn0=",
          "dependencies": [
            "azurerm_resource_group.rg"
          ]
        }
      ]
    },
    {
      "mode": "managed",
      "type": "azurerm_storage_account",
      "name": "storage",
      "provider": "provider[\"registry.terraform.io/hashicorp/azurerm\"]",
      "instances": [
        {
          "schema_version": 4,
          "attributes": {
            "access_tier": "Hot",
            "account_kind": "StorageV2",
            "account_replication_type": "LRS",
            "account_tier": "Standard",
            "allow_nested_items_to_be_public": true,
            "allowed_copy_scope": "",
            "azure_files_authentication": [],
            "blob_properties": [
              {
                "change_feed_enabled": false,
                "change_feed_retention_in_days": 0,
                "container_delete_retention_policy": [],
                "cors_rule": [],
                "default_service_version": "",
                "delete_retention_policy": [],
                "last_access_time_enabled": false,
                "restore_policy": [],
                "versioning_enabled": false
              }
            ],
            "cross_tenant_replication_enabled": true,
            "custom_domain": [],
            "customer_managed_key": [],
            "default_to_oauth_authentication": false,
            "dns_endpoint_type": "Standard",
            "edge_zone": "",
            "enable_https_traffic_only": true,
            "https_traffic_only_enabled": true,
            "id": "/subscriptions/43e7c36c-0f45-4e30-8632-9d966c4593c9/resourceGroups/asknarelle/providers/Microsoft.Storage/storageAccounts/asknarelle",
            "identity": [],
            "immutability_policy": [],
            "infrastructure_encryption_enabled": false,
            "is_hns_enabled": false,
            "large_file_share_enabled": false,
            "local_user_enabled": true,
            "location": "eastasia",
            "min_tls_version": "TLS1_2",
            "name": "asknarelle",
            "network_rules": [],
            "nfsv3_enabled": false,
            "primary_access_key": "bYeNLuNv0mLwbbj804LN0XU/Nn1JOXZuZ/P6jUmsJPv3Ie6ItyV5qPto6xLPEFkFb/LCClaM8Hks+AStnwM5GA==",
            "primary_blob_connection_string": "DefaultEndpointsProtocol=https;BlobEndpoint=https://asknarelle.blob.core.windows.net/;AccountName=asknarelle;AccountKey=bYeNLuNv0mLwbbj804LN0XU/Nn1JOXZuZ/P6jUmsJPv3Ie6ItyV5qPto6xLPEFkFb/LCClaM8Hks+AStnwM5GA==",
            "primary_blob_endpoint": "https://asknarelle.blob.core.windows.net/",
            "primary_blob_host": "asknarelle.blob.core.windows.net",
            "primary_blob_internet_endpoint": "",
            "primary_blob_internet_host": "",
            "primary_blob_microsoft_endpoint": "",
            "primary_blob_microsoft_host": "",
            "primary_connection_string": "DefaultEndpointsProtocol=https;AccountName=asknarelle;AccountKey=bYeNLuNv0mLwbbj804LN0XU/Nn1JOXZuZ/P6jUmsJPv3Ie6ItyV5qPto6xLPEFkFb/LCClaM8Hks+AStnwM5GA==;EndpointSuffix=core.windows.net",
            "primary_dfs_endpoint": "https://asknarelle.dfs.core.windows.net/",
            "primary_dfs_host": "asknarelle.dfs.core.windows.net",
            "primary_dfs_internet_endpoint": "",
            "primary_dfs_internet_host": "",
            "primary_dfs_microsoft_endpoint": "",
            "primary_dfs_microsoft_host": "",
            "primary_file_endpoint": "https://asknarelle.file.core.windows.net/",
            "primary_file_host": "asknarelle.file.core.windows.net",
            "primary_file_internet_endpoint": "",
            "primary_file_internet_host": "",
            "primary_file_microsoft_endpoint": "",
            "primary_file_microsoft_host": "",
            "primary_location": "eastasia",
            "primary_queue_endpoint": "https://asknarelle.queue.core.windows.net/",
            "primary_queue_host": "asknarelle.queue.core.windows.net",
            "primary_queue_microsoft_endpoint": "",
            "primary_queue_microsoft_host": "",
            "primary_table_endpoint": "https://asknarelle.table.core.windows.net/",
            "primary_table_host": "asknarelle.table.core.windows.net",
            "primary_table_microsoft_endpoint": "",
            "primary_table_microsoft_host": "",
            "primary_web_endpoint": "https://asknarelle.z7.web.core.windows.net/",
            "primary_web_host": "asknarelle.z7.web.core.windows.net",
            "primary_web_internet_endpoint": "",
            "primary_web_internet_host": "",
            "primary_web_microsoft_endpoint": "",
            "primary_web_microsoft_host": "",
            "public_network_access_enabled": true,
            "queue_encryption_key_type": "Service",
            "queue_properties": [
              {
                "cors_rule": [],
                "hour_metrics": [
                  {
                    "enabled": false,
                    "include_apis": false,
                    "retention_policy_days": 0,
                    "version": "1.0"
                  }
                ],
                "logging": [
                  {
                    "delete": false,
                    "read": false,
                    "retention_policy_days": 0,
                    "version": "1.0",
                    "write": false
                  }
                ],
                "minute_metrics": [
                  {
                    "enabled": false,
                    "include_apis": false,
                    "retention_policy_days": 0,
                    "version": "1.0"
                  }
                ]
              }
            ],
            "resource_group_name": "asknarelle",
            "routing": [],
            "sas_policy": [],
            "secondary_access_key": "Hfbl+5S5wdTgFeg/D2CcUDPRyhxr7EXUUomKw9Oa/L+sMsdhKjMvQxYpgRj5GrnOVm/n6hqtnA/n+AStpiqdyA==",
            "secondary_blob_connection_string": "",
            "secondary_blob_endpoint": "",
            "secondary_blob_host": "",
            "secondary_blob_internet_endpoint": "",
            "secondary_blob_internet_host": "",
            "secondary_blob_microsoft_endpoint": "",
            "secondary_blob_microsoft_host": "",
            "secondary_connection_string": "DefaultEndpointsProtocol=https;AccountName=asknarelle;AccountKey=Hfbl+5S5wdTgFeg/D2CcUDPRyhxr7EXUUomKw9Oa/L+sMsdhKjMvQxYpgRj5GrnOVm/n6hqtnA/n+AStpiqdyA==;EndpointSuffix=core.windows.net",
            "secondary_dfs_endpoint": "",
            "secondary_dfs_host": "",
            "secondary_dfs_internet_endpoint": "",
            "secondary_dfs_internet_host": "",
            "secondary_dfs_microsoft_endpoint": "",
            "secondary_dfs_microsoft_host": "",
            "secondary_file_endpoint": "",
            "secondary_file_host": "",
            "secondary_file_internet_endpoint": "",
            "secondary_file_internet_host": "",
            "secondary_file_microsoft_endpoint": "",
            "secondary_file_microsoft_host": "",
            "secondary_location": "",
            "secondary_queue_endpoint": "",
            "secondary_queue_host": "",
            "secondary_queue_microsoft_endpoint": "",
            "secondary_queue_microsoft_host": "",
            "secondary_table_endpoint": "",
            "secondary_table_host": "",
            "secondary_table_microsoft_endpoint": "",
            "secondary_table_microsoft_host": "",
            "secondary_web_endpoint": "",
            "secondary_web_host": "",
            "secondary_web_internet_endpoint": "",
            "secondary_web_internet_host": "",
            "secondary_web_microsoft_endpoint": "",
            "secondary_web_microsoft_host": "",
            "sftp_enabled": false,
            "share_properties": [
              {
                "cors_rule": [],
                "retention_policy": [
                  {
                    "days": 7
                  }
                ],
                "smb": []
              }
            ],
            "shared_access_key_enabled": true,
            "static_website": [],
            "table_encryption_key_type": "Service",
            "tags": {},
            "timeouts": null
          },
          "sensitive_attributes": [
            [
              {
                "type": "get_attr",
                "value": "primary_access_key"
              }
            ],
            [
              {
                "type": "get_attr",
                "value": "primary_blob_connection_string"
              }
            ],
            [
              {
                "type": "get_attr",
                "value": "primary_connection_string"
              }
            ],
            [
              {
                "type": "get_attr",
                "value": "secondary_access_key"
              }
            ],
            [
              {
                "type": "get_attr",
                "value": "secondary_blob_connection_string"
              }
            ],
            [
              {
                "type": "get_attr",
                "value": "secondary_connection_string"
              }
            ]
          ],
          "identity_schema_version": 0,
          "private": "eyJlMmJmYjczMC1lY2FhLTExZTYtOGY4OC0zNDM2M2JjN2M0YzAiOnsiY3JlYXRlIjozNjAwMDAwMDAwMDAwLCJkZWxldGUiOjM2MDAwMDAwMDAwMDAsInJlYWQiOjMwMDAwMDAwMDAwMCwidXBkYXRlIjozNjAwMDAwMDAwMDAwfSwic2NoZW1hX3ZlcnNpb24iOiI0In0=",
          "dependencies": [
            "azurerm_resource_group.rg"
          ]
        }
      ]
    },
    {
      "mode": "managed",
      "type": "local_file",
      "name": "env_file",
      "provider": "provider[\"registry.terraform.io/hashicorp/local\"]",
      "instances": [
        {
          "schema_version": 0,
          "attributes": {
            "content": "AZURE_CONN_STRING=\"DefaultEndpointsProtocol=https;AccountName=asknarelle;AccountKey=bYeNLuNv0mLwbbj804LN0XU/Nn1JOXZuZ/P6jUmsJPv3Ie6ItyV5qPto6xLPEFkFb/LCClaM8Hks+AStnwM5GA==;EndpointSuffix=core.windows.net\"\r\nAZURE_STORAGE_KEY=\"bYeNLuNv0mLwbbj804LN0XU/Nn1JOXZuZ/P6jUmsJPv3Ie6ItyV5qPto6xLPEFkFb/LCClaM8Hks+AStnwM5GA==\"\r\nMONGO_URI=\"mongodb://asknarelle:zRy9wbWLREFDaP0IZ5X6SPQC80JL3bxvtNW8kOUsRVVy1NaQtDGne3zy1DEnukkOKoPA8vBanBXrACDbZC1fdg==@asknarelle.mongo.cosmos.azure.com:10255/?ssl=true\u0026replicaSet=globaldb\u0026retrywrites=false\u0026maxIdleTimeMS=120000\u0026appName=@asknarelle@\"\r\nAZURE_OPENAI_API_KEY=\"a3579ad3b2264bf48faba036587e661a\"\r\nAZURE_OPENAI_DEPLOYMENT_NAME=\"gpt-4o-mini\"\r\nOPENAI_API_VERSION=\"2024-12-01-preview\"\r\nAZURE_OPENAI_ENDPOINT=\"https://asknarelle-fyp.openai.azure.com/\"\r\nAZURE_COGNITIVE_SEARCH_API_KEY=\"n0ICur8MF3RlGo5XrHhhjTF1BXRAoEdXjBbDK9n5jcAzSeAAiR3P\"\r\nAZURE_COGNITIVE_SEARCH_ENDPOINT=\"https://asknarellefree.search.windows.net\"\r\n\r\nDB_NAME=\"videoindexer\"   # mongodb\r\nAPI_VERSION=\"2025-04-01\"\r\nAPI_ENDPOINT=\"https://api.videoindexer.ai\"\r\nAZURE_RESOURCE_MANAGER=\"https://management.azure.com\"\r\n\r\nVIDEO_INDEXER_LOCATION=\"East Asia\"\r\nVIDEO_INDEXER_ACCOUNT_ID=\"665df8ad-ba4a-452d-8dad-758d4acffb2f\"\r\nVIDEO_INDEXER_ACCOUNT_NAME=\"asknarelle-video-indexer\"\r\nVIDEO_INDEXER_API_VERSION=\"2024-01-01\"\r\n",
            "content_base64": null,
            "content_base64sha256": "Y6/JzZfTcRmlBYvBeXecoc5RbeoWRrWtw86BIZsT1Ao=",
            "content_base64sha512": "PwgIdvDtaR2uquLB3pN6oCnz50CDlAgGlfljFdNlbN14w0gEgyBWylEGPTCt8fibY6Nzu5YHcwWVVy1CztoeFg==",
            "content_md5": "16832ecad77ce57a8cb7c68ba86c8b4d",
            "content_sha1": "9a606ae6156820bb54a08eb8363627e65061e8c4",
            "content_sha256": "63afc9cd97d37119a5058bc179779ca1ce516dea1646b5adc3ce81219b13d40a",
            "content_sha512": "3f080876f0ed691daeaae2c1de937aa029f3e7408394080695f96315d3656cdd78c34804832056ca51063d30adf1f89b63a373bb9607730595572d42ceda1e16",
            "directory_permission": "0777",
            "file_permission": "0777",
            "filename": "./flask-server/.env",
            "id": "9a606ae6156820bb54a08eb8363627e65061e8c4",
            "sensitive_content": null,
            "source": null
          },
          "sensitive_attributes": [
            [
              {
                "type": "get_attr",
                "value": "content"
              }
            ],
            [
              {
                "type": "get_attr",
                "value": "sensitive_content"
              }
            ]
          ],
          "identity_schema_version": 0,
          "dependencies": [
            "azurerm_cognitive_account.openai",
            "azurerm_cosmosdb_account.cosmos",
            "azurerm_resource_group.rg",
            "azurerm_resource_group_template_deployment.vi",
            "azurerm_search_service.search",
            "azurerm_storage_account.storage"
          ]
        }
      ]
    }
  ],
  "check_results": null
}
