{
  "version": 4,
  "terraform_version": "1.14.4",
  "serial": 125,
  "lineage": "7f48db97-1bf2-84cb-f638-834ebf48159b",
  "outputs": {},
  "resources": [
    {
      "mode": "managed",
      "type": "azurerm_resource_group",
      "name": "rg",
      "provider": "provider[\"registry.terraform.io/hashicorp/azurerm\"]",
      "instances": [
        {
          "schema_version": 0,
          "attributes": {
            "id": "/subscriptions/43e7c36c-0f45-4e30-8632-9d966c4593c9/resourceGroups/asknarelle",
            "location": "southeastasia",
            "managed_by": "",
            "name": "asknarelle",
            "tags": {},
            "timeouts": null
          },
          "sensitive_attributes": [],
          "identity_schema_version": 0,
          "identity": {
            "name": "asknarelle",
            "subscription_id": "43e7c36c-0f45-4e30-8632-9d966c4593c9"
          },
          "private": "eyJlMmJmYjczMC1lY2FhLTExZTYtOGY4OC0zNDM2M2JjN2M0YzAiOnsiY3JlYXRlIjo1NDAwMDAwMDAwMDAwLCJkZWxldGUiOjU0MDAwMDAwMDAwMDAsInJlYWQiOjMwMDAwMDAwMDAwMCwidXBkYXRlIjo1NDAwMDAwMDAwMDAwfX0="
        }
      ]
    }
  ],
  "check_results": null
}
